// !$*UTF8*$!
{
	archiveVersion = 1;
	classes = {
	};
	objectVersion = 50;
	objects = {

/* Begin PBXBuildFile section */
		D9210A3722EC6F8F00F1B1D2 /* AppDelegate.swift in Sources */ = {isa = PBXBuildFile; fileRef = D9210A3622EC6F8F00F1B1D2 /* AppDelegate.swift */; };
		D9210A3922EC6F8F00F1B1D2 /* GameScene.sks in Resources */ = {isa = PBXBuildFile; fileRef = D9210A3822EC6F8F00F1B1D2 /* GameScene.sks */; };
		D9210A3D22EC6F8F00F1B1D2 /* GameScene.swift in Sources */ = {isa = PBXBuildFile; fileRef = D9210A3C22EC6F8F00F1B1D2 /* GameScene.swift */; };
		D9210A3F22EC6F8F00F1B1D2 /* GameViewController.swift in Sources */ = {isa = PBXBuildFile; fileRef = D9210A3E22EC6F8F00F1B1D2 /* GameViewController.swift */; };
		D9210A4222EC6F8F00F1B1D2 /* Main.storyboard in Resources */ = {isa = PBXBuildFile; fileRef = D9210A4022EC6F8F00F1B1D2 /* Main.storyboard */; };
		D9210A4422EC6F9000F1B1D2 /* Assets.xcassets in Resources */ = {isa = PBXBuildFile; fileRef = D9210A4322EC6F9000F1B1D2 /* Assets.xcassets */; };
		D9210A4722EC6F9000F1B1D2 /* LaunchScreen.storyboard in Resources */ = {isa = PBXBuildFile; fileRef = D9210A4522EC6F9000F1B1D2 /* LaunchScreen.storyboard */; };
		D9210A5122EC747E00F1B1D2 /* block.png in Resources */ = {isa = PBXBuildFile; fileRef = D9210A5022EC747E00F1B1D2 /* block.png */; };
		D9301A4222EE56B500A79F8F /* greenplanet.png in Resources */ = {isa = PBXBuildFile; fileRef = D9301A4122EE56B500A79F8F /* greenplanet.png */; };
		D93D31F322ED1C9A006AB79F /* star3.png in Resources */ = {isa = PBXBuildFile; fileRef = D93D31F222ED1C9A006AB79F /* star3.png */; };
		D93D31F522ED23FC006AB79F /* WinScene.sks in Resources */ = {isa = PBXBuildFile; fileRef = D93D31F422ED23FC006AB79F /* WinScene.sks */; };
		D93D31F722ED244E006AB79F /* marioIcon.png in Resources */ = {isa = PBXBuildFile; fileRef = D93D31F622ED244E006AB79F /* marioIcon.png */; };
		D970394B23E66DFB0014E135 /* GameScene2.sks in Resources */ = {isa = PBXBuildFile; fileRef = D970394A23E66DFB0014E135 /* GameScene2.sks */; };
		D993B80A22F9245D00260B02 /* vortex.png in Resources */ = {isa = PBXBuildFile; fileRef = D993B80922F9245D00260B02 /* vortex.png */; };
		D99C300622ED2DBD000EC43B /* WinScene.swift in Sources */ = {isa = PBXBuildFile; fileRef = D99C300522ED2DBD000EC43B /* WinScene.swift */; };
		D99C300822ED31D0000EC43B /* starMusic.mp3 in Resources */ = {isa = PBXBuildFile; fileRef = D99C300722ED31D0000EC43B /* starMusic.mp3 */; };
		D99C300A22ED347C000EC43B /* honeyHive.mp3 in Resources */ = {isa = PBXBuildFile; fileRef = D99C300922ED347C000EC43B /* honeyHive.mp3 */; };
		D99C300B22EDE0A9000EC43B /* peach.png in Resources */ = {isa = PBXBuildFile; fileRef = D99C300D22EDE0A9000EC43B /* peach.png */; };
		D99C300E22EDE0AE000EC43B /* mario.png in Resources */ = {isa = PBXBuildFile; fileRef = D99C301022EDE0AE000EC43B /* mario.png */; };
		D9B5188822ECA2E200A452FF /* Assets.xcassets in Resources */ = {isa = PBXBuildFile; fileRef = D9B5188622ECA2E200A452FF /* Assets.xcassets */; };
		D9BFEAAD22F4E7240037D078 /* MyTileSet.sks in Resources */ = {isa = PBXBuildFile; fileRef = D9BFEAAC22F4E7240037D078 /* MyTileSet.sks */; };
		D9D9940722EC7B090042B219 /* arrow.png in Resources */ = {isa = PBXBuildFile; fileRef = D9D9940622EC7B090042B219 /* arrow.png */; };
/* End PBXBuildFile section */

/* Begin PBXFileReference section */
		D9210A3322EC6F8F00F1B1D2 /* jumperGame.app */ = {isa = PBXFileReference; explicitFileType = wrapper.application; includeInIndex = 0; path = jumperGame.app; sourceTree = BUILT_PRODUCTS_DIR; };
		D9210A3622EC6F8F00F1B1D2 /* AppDelegate.swift */ = {isa = PBXFileReference; lastKnownFileType = sourcecode.swift; path = AppDelegate.swift; sourceTree = "<group>"; };
		D9210A3822EC6F8F00F1B1D2 /* GameScene.sks */ = {isa = PBXFileReference; lastKnownFileType = file.sks; path = GameScene.sks; sourceTree = "<group>"; };
		D9210A3C22EC6F8F00F1B1D2 /* GameScene.swift */ = {isa = PBXFileReference; lastKnownFileType = sourcecode.swift; path = GameScene.swift; sourceTree = "<group>"; };
		D9210A3E22EC6F8F00F1B1D2 /* GameViewController.swift */ = {isa = PBXFileReference; lastKnownFileType = sourcecode.swift; path = GameViewController.swift; sourceTree = "<group>"; };
		D9210A4122EC6F8F00F1B1D2 /* Base */ = {isa = PBXFileReference; lastKnownFileType = file.storyboard; name = Base; path = Base.lproj/Main.storyboard; sourceTree = "<group>"; };
		D9210A4322EC6F9000F1B1D2 /* Assets.xcassets */ = {isa = PBXFileReference; lastKnownFileType = folder.assetcatalog; path = Assets.xcassets; sourceTree = "<group>"; };
		D9210A4622EC6F9000F1B1D2 /* Base */ = {isa = PBXFileReference; lastKnownFileType = file.storyboard; name = Base; path = Base.lproj/LaunchScreen.storyboard; sourceTree = "<group>"; };
		D9210A4822EC6F9000F1B1D2 /* Info.plist */ = {isa = PBXFileReference; lastKnownFileType = text.plist.xml; path = Info.plist; sourceTree = "<group>"; };
		D9210A5022EC747E00F1B1D2 /* block.png */ = {isa = PBXFileReference; lastKnownFileType = image.png; path = block.png; sourceTree = "<group>"; };
		D9301A4122EE56B500A79F8F /* greenplanet.png */ = {isa = PBXFileReference; lastKnownFileType = image.png; path = greenplanet.png; sourceTree = "<group>"; };
		D93D31F222ED1C9A006AB79F /* star3.png */ = {isa = PBXFileReference; lastKnownFileType = image.png; path = star3.png; sourceTree = "<group>"; };
		D93D31F422ED23FC006AB79F /* WinScene.sks */ = {isa = PBXFileReference; lastKnownFileType = file.sks; path = WinScene.sks; sourceTree = "<group>"; };
		D93D31F622ED244E006AB79F /* marioIcon.png */ = {isa = PBXFileReference; lastKnownFileType = image.png; path = marioIcon.png; sourceTree = "<group>"; };
		D970394A23E66DFB0014E135 /* GameScene2.sks */ = {isa = PBXFileReference; lastKnownFileType = file.sks; path = GameScene2.sks; sourceTree = "<group>"; };
		D993B80922F9245D00260B02 /* vortex.png */ = {isa = PBXFileReference; lastKnownFileType = image.png; path = vortex.png; sourceTree = "<group>"; };
		D99C300522ED2DBD000EC43B /* WinScene.swift */ = {isa = PBXFileReference; lastKnownFileType = sourcecode.swift; path = WinScene.swift; sourceTree = "<group>"; };
		D99C300722ED31D0000EC43B /* starMusic.mp3 */ = {isa = PBXFileReference; lastKnownFileType = audio.mp3; path = starMusic.mp3; sourceTree = "<group>"; };
		D99C300922ED347C000EC43B /* honeyHive.mp3 */ = {isa = PBXFileReference; lastKnownFileType = audio.mp3; path = honeyHive.mp3; sourceTree = "<group>"; };
		D99C300C22EDE0A9000EC43B /* Base */ = {isa = PBXFileReference; lastKnownFileType = image.png; name = Base; path = Base.lproj/peach.png; sourceTree = "<group>"; };
		D99C300F22EDE0AE000EC43B /* Base */ = {isa = PBXFileReference; lastKnownFileType = image.png; name = Base; path = Base.lproj/mario.png; sourceTree = "<group>"; };
		D9B5188622ECA2E200A452FF /* Assets.xcassets */ = {isa = PBXFileReference; lastKnownFileType = folder.assetcatalog; path = Assets.xcassets; sourceTree = "<group>"; };
		D9BFEAAC22F4E7240037D078 /* MyTileSet.sks */ = {isa = PBXFileReference; lastKnownFileType = file.sks; path = MyTileSet.sks; sourceTree = "<group>"; };
		D9D9940622EC7B090042B219 /* arrow.png */ = {isa = PBXFileReference; lastKnownFileType = image.png; path = arrow.png; sourceTree = "<group>"; };
/* End PBXFileReference section */

/* Begin PBXFrameworksBuildPhase section */
		D9210A3022EC6F8F00F1B1D2 /* Frameworks */ = {
			isa = PBXFrameworksBuildPhase;
			buildActionMask = 2147483647;
			files = (
			);
			runOnlyForDeploymentPostprocessing = 0;
		};
/* End PBXFrameworksBuildPhase section */

/* Begin PBXGroup section */
		D9210A2A22EC6F8F00F1B1D2 = {
			isa = PBXGroup;
			children = (
				D9BFEAAC22F4E7240037D078 /* MyTileSet.sks */,
				D9B5188622ECA2E200A452FF /* Assets.xcassets */,
				D9210A3522EC6F8F00F1B1D2 /* jumperGame */,
				D9210A3422EC6F8F00F1B1D2 /* Products */,
			);
			sourceTree = "<group>";
		};
		D9210A3422EC6F8F00F1B1D2 /* Products */ = {
			isa = PBXGroup;
			children = (
				D9210A3322EC6F8F00F1B1D2 /* jumperGame.app */,
			);
			name = Products;
			sourceTree = "<group>";
		};
		D9210A3522EC6F8F00F1B1D2 /* jumperGame */ = {
			isa = PBXGroup;
			children = (
				D993B80922F9245D00260B02 /* vortex.png */,
				D9301A4122EE56B500A79F8F /* greenplanet.png */,
				D99C300722ED31D0000EC43B /* starMusic.mp3 */,
				D99C300922ED347C000EC43B /* honeyHive.mp3 */,
				D99C301022EDE0AE000EC43B /* mario.png */,
				D99C300D22EDE0A9000EC43B /* peach.png */,
				D9210A5022EC747E00F1B1D2 /* block.png */,
				D9D9940622EC7B090042B219 /* arrow.png */,
				D93D31F222ED1C9A006AB79F /* star3.png */,
				D93D31F622ED244E006AB79F /* marioIcon.png */,
				D9210A3622EC6F8F00F1B1D2 /* AppDelegate.swift */,
				D93D31F422ED23FC006AB79F /* WinScene.sks */,
				D99C300522ED2DBD000EC43B /* WinScene.swift */,
				D9210A3822EC6F8F00F1B1D2 /* GameScene.sks */,
				D9210A3C22EC6F8F00F1B1D2 /* GameScene.swift */,
				D970394A23E66DFB0014E135 /* GameScene2.sks */,
				D9210A3E22EC6F8F00F1B1D2 /* GameViewController.swift */,
				D9210A4022EC6F8F00F1B1D2 /* Main.storyboard */,
				D9210A4322EC6F9000F1B1D2 /* Assets.xcassets */,
				D9210A4522EC6F9000F1B1D2 /* LaunchScreen.storyboard */,
				D9210A4822EC6F9000F1B1D2 /* Info.plist */,
			);
			path = jumperGame;
			sourceTree = "<group>";
		};
/* End PBXGroup section */

/* Begin PBXNativeTarget section */
		D9210A3222EC6F8F00F1B1D2 /* jumperGame */ = {
			isa = PBXNativeTarget;
			buildConfigurationList = D9210A4B22EC6F9000F1B1D2 /* Build configuration list for PBXNativeTarget "jumperGame" */;
			buildPhases = (
				D9210A2F22EC6F8F00F1B1D2 /* Sources */,
				D9210A3022EC6F8F00F1B1D2 /* Frameworks */,
				D9210A3122EC6F8F00F1B1D2 /* Resources */,
			);
			buildRules = (
			);
			dependencies = (
			);
			name = jumperGame;
			productName = jumperGame;
			productReference = D9210A3322EC6F8F00F1B1D2 /* jumperGame.app */;
			productType = "com.apple.product-type.application";
		};
/* End PBXNativeTarget section */

/* Begin PBXProject section */
		D9210A2B22EC6F8F00F1B1D2 /* Project object */ = {
			isa = PBXProject;
			attributes = {
				LastSwiftUpdateCheck = 1030;
				LastUpgradeCheck = 1030;
				ORGANIZATIONNAME = "Philip Gross";
				TargetAttributes = {
					D9210A3222EC6F8F00F1B1D2 = {
						CreatedOnToolsVersion = 10.3;
					};
				};
			};
			buildConfigurationList = D9210A2E22EC6F8F00F1B1D2 /* Build configuration list for PBXProject "jumperGame" */;
			compatibilityVersion = "Xcode 9.3";
			developmentRegion = en;
			hasScannedForEncodings = 0;
			knownRegions = (
				en,
				Base,
			);
			mainGroup = D9210A2A22EC6F8F00F1B1D2;
			productRefGroup = D9210A3422EC6F8F00F1B1D2 /* Products */;
			projectDirPath = "";
			projectRoot = "";
			targets = (
				D9210A3222EC6F8F00F1B1D2 /* jumperGame */,
			);
		};
/* End PBXProject section */

/* Begin PBXResourcesBuildPhase section */
		D9210A3122EC6F8F00F1B1D2 /* Resources */ = {
			isa = PBXResourcesBuildPhase;
			buildActionMask = 2147483647;
			files = (
				D93D31F522ED23FC006AB79F /* WinScene.sks in Resources */,
				D99C300B22EDE0A9000EC43B /* peach.png in Resources */,
				D993B80A22F9245D00260B02 /* vortex.png in Resources */,
				D9210A4222EC6F8F00F1B1D2 /* Main.storyboard in Resources */,
				D99C300822ED31D0000EC43B /* starMusic.mp3 in Resources */,
				D9210A5122EC747E00F1B1D2 /* block.png in Resources */,
				D9301A4222EE56B500A79F8F /* greenplanet.png in Resources */,
				D9210A3922EC6F8F00F1B1D2 /* GameScene.sks in Resources */,
				D9D9940722EC7B090042B219 /* arrow.png in Resources */,
				D9B5188822ECA2E200A452FF /* Assets.xcassets in Resources */,
				D99C300E22EDE0AE000EC43B /* mario.png in Resources */,
				D9210A4422EC6F9000F1B1D2 /* Assets.xcassets in Resources */,
				D99C300A22ED347C000EC43B /* honeyHive.mp3 in Resources */,
				D9BFEAAD22F4E7240037D078 /* MyTileSet.sks in Resources */,
				D9210A4722EC6F9000F1B1D2 /* LaunchScreen.storyboard in Resources */,
				D93D31F322ED1C9A006AB79F /* star3.png in Resources */,
				D93D31F722ED244E006AB79F /* marioIcon.png in Resources */,
				D970394B23E66DFB0014E135 /* GameScene2.sks in Resources */,
			);
			runOnlyForDeploymentPostprocessing = 0;
		};
/* End PBXResourcesBuildPhase section */

/* Begin PBXSourcesBuildPhase section */
		D9210A2F22EC6F8F00F1B1D2 /* Sources */ = {
			isa = PBXSourcesBuildPhase;
			buildActionMask = 2147483647;
			files = (
				D9210A3D22EC6F8F00F1B1D2 /* GameScene.swift in Sources */,
				D99C300622ED2DBD000EC43B /* WinScene.swift in Sources */,
				D9210A3F22EC6F8F00F1B1D2 /* GameViewController.swift in Sources */,
				D9210A3722EC6F8F00F1B1D2 /* AppDelegate.swift in Sources */,
			);
			runOnlyForDeploymentPostprocessing = 0;
		};
/* End PBXSourcesBuildPhase section */

/* Begin PBXVariantGroup section */
		D9210A4022EC6F8F00F1B1D2 /* Main.storyboard */ = {
			isa = PBXVariantGroup;
			children = (
				D9210A4122EC6F8F00F1B1D2 /* Base */,
			);
			name = Main.storyboard;
			sourceTree = "<group>";
		};
		D9210A4522EC6F9000F1B1D2 /* LaunchScreen.storyboard */ = {
			isa = PBXVariantGroup;
			children = (
				D9210A4622EC6F9000F1B1D2 /* Base */,
			);
			name = LaunchScreen.storyboard;
			sourceTree = "<group>";
		};
		D99C300D22EDE0A9000EC43B /* peach.png */ = {
			isa = PBXVariantGroup;
			children = (
				D99C300C22EDE0A9000EC43B /* Base */,
			);
			name = peach.png;
			sourceTree = "<group>";
		};
		D99C301022EDE0AE000EC43B /* mario.png */ = {
			isa = PBXVariantGroup;
			children = (
				D99C300F22EDE0AE000EC43B /* Base */,
			);
			name = mario.png;
			sourceTree = "<group>";
		};
/* End PBXVariantGroup section */

/* Begin XCBuildConfiguration section */
		D9210A4922EC6F9000F1B1D2 /* Debug */ = {
			isa = XCBuildConfiguration;
			buildSettings = {
				ALWAYS_SEARCH_USER_PATHS = NO;
				CLANG_ANALYZER_NONNULL = YES;
				CLANG_ANALYZER_NUMBER_OBJECT_CONVERSION = YES_AGGRESSIVE;
				CLANG_CXX_LANGUAGE_STANDARD = "gnu++14";
				CLANG_CXX_LIBRARY = "libc++";
				CLANG_ENABLE_MODULES = YES;
				CLANG_ENABLE_OBJC_ARC = YES;
				CLANG_ENABLE_OBJC_WEAK = YES;
				CLANG_WARN_BLOCK_CAPTURE_AUTORELEASING = YES;
				CLANG_WARN_BOOL_CONVERSION = YES;
				CLANG_WARN_COMMA = YES;
				CLANG_WARN_CONSTANT_CONVERSION = YES;
				CLANG_WARN_DEPRECATED_OBJC_IMPLEMENTATIONS = YES;
				CLANG_WARN_DIRECT_OBJC_ISA_USAGE = YES_ERROR;
				CLANG_WARN_DOCUMENTATION_COMMENTS = YES;
				CLANG_WARN_EMPTY_BODY = YES;
				CLANG_WARN_ENUM_CONVERSION = YES;
				CLANG_WARN_INFINITE_RECURSION = YES;
				CLANG_WARN_INT_CONVERSION = YES;
				CLANG_WARN_NON_LITERAL_NULL_CONVERSION = YES;
				CLANG_WARN_OBJC_IMPLICIT_RETAIN_SELF = YES;
				CLANG_WARN_OBJC_LITERAL_CONVERSION = YES;
				CLANG_WARN_OBJC_ROOT_CLASS = YES_ERROR;
				CLANG_WARN_RANGE_LOOP_ANALYSIS = YES;
				CLANG_WARN_STRICT_PROTOTYPES = YES;
				CLANG_WARN_SUSPICIOUS_MOVE = YES;
				CLANG_WARN_UNGUARDED_AVAILABILITY = YES_AGGRESSIVE;
				CLANG_WARN_UNREACHABLE_CODE = YES;
				CLANG_WARN__DUPLICATE_METHOD_MATCH = YES;
				CODE_SIGN_IDENTITY = "iPhone Developer";
				COPY_PHASE_STRIP = NO;
				DEBUG_INFORMATION_FORMAT = dwarf;
				ENABLE_STRICT_OBJC_MSGSEND = YES;
				ENABLE_TESTABILITY = YES;
				GCC_C_LANGUAGE_STANDARD = gnu11;
				GCC_DYNAMIC_NO_PIC = NO;
				GCC_NO_COMMON_BLOCKS = YES;
				GCC_OPTIMIZATION_LEVEL = 0;
				GCC_PREPROCESSOR_DEFINITIONS = (
					"DEBUG=1",
					"$(inherited)",
				);
				GCC_WARN_64_TO_32_BIT_CONVERSION = YES;
				GCC_WARN_ABOUT_RETURN_TYPE = YES_ERROR;
				GCC_WARN_UNDECLARED_SELECTOR = YES;
				GCC_WARN_UNINITIALIZED_AUTOS = YES_AGGRESSIVE;
				GCC_WARN_UNUSED_FUNCTION = YES;
				GCC_WARN_UNUSED_VARIABLE = YES;
				IPHONEOS_DEPLOYMENT_TARGET = 12.4;
				MTL_ENABLE_DEBUG_INFO = INCLUDE_SOURCE;
				MTL_FAST_MATH = YES;
				ONLY_ACTIVE_ARCH = YES;
				SDKROOT = iphoneos;
				SWIFT_ACTIVE_COMPILATION_CONDITIONS = DEBUG;
				SWIFT_OPTIMIZATION_LEVEL = "-Onone";
			};
			name = Debug;
		};
		D9210A4A22EC6F9000F1B1D2 /* Release */ = {
			isa = XCBuildConfiguration;
			buildSettings = {
				ALWAYS_SEARCH_USER_PATHS = NO;
				CLANG_ANALYZER_NONNULL = YES;
				CLANG_ANALYZER_NUMBER_OBJECT_CONVERSION = YES_AGGRESSIVE;
				CLANG_CXX_LANGUAGE_STANDARD = "gnu++14";
				CLANG_CXX_LIBRARY = "libc++";
				CLANG_ENABLE_MODULES = YES;
				CLANG_ENABLE_OBJC_ARC = YES;
				CLANG_ENABLE_OBJC_WEAK = YES;
				CLANG_WARN_BLOCK_CAPTURE_AUTORELEASING = YES;
				CLANG_WARN_BOOL_CONVERSION = YES;
				CLANG_WARN_COMMA = YES;
				CLANG_WARN_CONSTANT_CONVERSION = YES;
				CLANG_WARN_DEPRECATED_OBJC_IMPLEMENTATIONS = YES;
				CLANG_WARN_DIRECT_OBJC_ISA_USAGE = YES_ERROR;
				CLANG_WARN_DOCUMENTATION_COMMENTS = YES;
				CLANG_WARN_EMPTY_BODY = YES;
				CLANG_WARN_ENUM_CONVERSION = YES;
				CLANG_WARN_INFINITE_RECURSION = YES;
				CLANG_WARN_INT_CONVERSION = YES;
				CLANG_WARN_NON_LITERAL_NULL_CONVERSION = YES;
				CLANG_WARN_OBJC_IMPLICIT_RETAIN_SELF = YES;
				CLANG_WARN_OBJC_LITERAL_CONVERSION = YES;
				CLANG_WARN_OBJC_ROOT_CLASS = YES_ERROR;
				CLANG_WARN_RANGE_LOOP_ANALYSIS = YES;
				CLANG_WARN_STRICT_PROTOTYPES = YES;
				CLANG_WARN_SUSPICIOUS_MOVE = YES;
				CLANG_WARN_UNGUARDED_AVAILABILITY = YES_AGGRESSIVE;
				CLANG_WARN_UNREACHABLE_CODE = YES;
				CLANG_WARN__DUPLICATE_METHOD_MATCH = YES;
				CODE_SIGN_IDENTITY = "iPhone Developer";
				COPY_PHASE_STRIP = NO;
				DEBUG_INFORMATION_FORMAT = "dwarf-with-dsym";
				ENABLE_NS_ASSERTIONS = NO;
				ENABLE_STRICT_OBJC_MSGSEND = YES;
				GCC_C_LANGUAGE_STANDARD = gnu11;
				GCC_NO_COMMON_BLOCKS = YES;
				GCC_WARN_64_TO_32_BIT_CONVERSION = YES;
				GCC_WARN_ABOUT_RETURN_TYPE = YES_ERROR;
				GCC_WARN_UNDECLARED_SELECTOR = YES;
				GCC_WARN_UNINITIALIZED_AUTOS = YES_AGGRESSIVE;
				GCC_WARN_UNUSED_FUNCTION = YES;
				GCC_WARN_UNUSED_VARIABLE = YES;
				IPHONEOS_DEPLOYMENT_TARGET = 12.4;
				MTL_ENABLE_DEBUG_INFO = NO;
				MTL_FAST_MATH = YES;
				SDKROOT = iphoneos;
				SWIFT_COMPILATION_MODE = wholemodule;
				SWIFT_OPTIMIZATION_LEVEL = "-O";
				VALIDATE_PRODUCT = YES;
			};
			name = Release;
		};
		D9210A4C22EC6F9000F1B1D2 /* Debug */ = {
			isa = XCBuildConfiguration;
			buildSettings = {
				ASSETCATALOG_COMPILER_APPICON_NAME = AppIcon;
				CODE_SIGN_STYLE = Automatic;
				DEVELOPMENT_TEAM = A44VX47B87;
				INFOPLIST_FILE = jumperGame/Info.plist;
				LD_RUNPATH_SEARCH_PATHS = (
					"$(inherited)",
					"@executable_path/Frameworks",
				);
				PRODUCT_BUNDLE_IDENTIFIER = "psg35-yahoo.com.jumperGame";
				PRODUCT_NAME = "$(TARGET_NAME)";
				SWIFT_VERSION = 5.0;
				TARGETED_DEVICE_FAMILY = "1,2";
			};
			name = Debug;
		};
		D9210A4D22EC6F9000F1B1D2 /* Release */ = {
			isa = XCBuildConfiguration;
			buildSettings = {
				ASSETCATALOG_COMPILER_APPICON_NAME = AppIcon;
				CODE_SIGN_STYLE = Automatic;
				DEVELOPMENT_TEAM = A44VX47B87;
				INFOPLIST_FILE = jumperGame/Info.plist;
				LD_RUNPATH_SEARCH_PATHS = (
					"$(inherited)",
					"@executable_path/Frameworks",
				);
				PRODUCT_BUNDLE_IDENTIFIER = "psg35-yahoo.com.jumperGame";
				PRODUCT_NAME = "$(TARGET_NAME)";
				SWIFT_VERSION = 5.0;
				TARGETED_DEVICE_FAMILY = "1,2";
			};
			name = Release;
		};
/* End XCBuildConfiguration section */

/* Begin XCConfigurationList section */
		D9210A2E22EC6F8F00F1B1D2 /* Build configuration list for PBXProject "jumperGame" */ = {
			isa = XCConfigurationList;
			buildConfigurations = (
				D9210A4922EC6F9000F1B1D2 /* Debug */,
				D9210A4A22EC6F9000F1B1D2 /* Release */,
			);
			defaultConfigurationIsVisible = 0;
			defaultConfigurationName = Release;
		};
		D9210A4B22EC6F9000F1B1D2 /* Build configuration list for PBXNativeTarget "jumperGame" */ = {
			isa = XCConfigurationList;
			buildConfigurations = (
				D9210A4C22EC6F9000F1B1D2 /* Debug */,
				D9210A4D22EC6F9000F1B1D2 /* Release */,
			);
			defaultConfigurationIsVisible = 0;
			defaultConfigurationName = Release;
		};
/* End XCConfigurationList section */
	};
	rootObject = D9210A2B22EC6F8F00F1B1D2 /* Project object */;
}
