// !$*UTF8*$!
{
	archiveVersion = 1;
	classes = {
	};
	objectVersion = 50;
	objects = {

/* Begin PBXBuildFile section */
		D986B6CE22F691B900510118 /* SecondInterfaceController.swift in Sources */ = {isa = PBXBuildFile; fileRef = D986B6CD22F691B900510118 /* SecondInterfaceController.swift */; };
		D9BFEABD22F68CC30037D078 /* AppDelegate.swift in Sources */ = {isa = PBXBuildFile; fileRef = D9BFEABC22F68CC30037D078 /* AppDelegate.swift */; };
		D9BFEABF22F68CC30037D078 /* ViewController.swift in Sources */ = {isa = PBXBuildFile; fileRef = D9BFEABE22F68CC30037D078 /* ViewController.swift */; };
		D9BFEAC222F68CC30037D078 /* Main.storyboard in Resources */ = {isa = PBXBuildFile; fileRef = D9BFEAC022F68CC30037D078 /* Main.storyboard */; };
		D9BFEAC422F68CC50037D078 /* Assets.xcassets in Resources */ = {isa = PBXBuildFile; fileRef = D9BFEAC322F68CC50037D078 /* Assets.xcassets */; };
		D9BFEAC722F68CC50037D078 /* LaunchScreen.storyboard in Resources */ = {isa = PBXBuildFile; fileRef = D9BFEAC522F68CC50037D078 /* LaunchScreen.storyboard */; };
		D9BFEAD422F68D5A0037D078 /* Interface.storyboard in Resources */ = {isa = PBXBuildFile; fileRef = D9BFEAD222F68D5A0037D078 /* Interface.storyboard */; };
		D9BFEAD622F68D5A0037D078 /* Assets.xcassets in Resources */ = {isa = PBXBuildFile; fileRef = D9BFEAD522F68D5A0037D078 /* Assets.xcassets */; };
		D9BFEADD22F68D5A0037D078 /* UINavWatch Extension.appex in Embed App Extensions */ = {isa = PBXBuildFile; fileRef = D9BFEADC22F68D5A0037D078 /* UINavWatch Extension.appex */; settings = {ATTRIBUTES = (RemoveHeadersOnCopy, ); }; };
		D9BFEAE222F68D5A0037D078 /* InterfaceController.swift in Sources */ = {isa = PBXBuildFile; fileRef = D9BFEAE122F68D5A0037D078 /* InterfaceController.swift */; };
		D9BFEAE422F68D5A0037D078 /* ExtensionDelegate.swift in Sources */ = {isa = PBXBuildFile; fileRef = D9BFEAE322F68D5A0037D078 /* ExtensionDelegate.swift */; };
		D9BFEAE622F68D5B0037D078 /* Assets.xcassets in Resources */ = {isa = PBXBuildFile; fileRef = D9BFEAE522F68D5B0037D078 /* Assets.xcassets */; };
		D9BFEAEA22F68D5B0037D078 /* UINavWatch.app in Embed Watch Content */ = {isa = PBXBuildFile; fileRef = D9BFEAD022F68D5A0037D078 /* UINavWatch.app */; };
/* End PBXBuildFile section */

/* Begin PBXContainerItemProxy section */
		D9BFEADE22F68D5A0037D078 /* PBXContainerItemProxy */ = {
			isa = PBXContainerItemProxy;
			containerPortal = D9BFEAB122F68CC30037D078 /* Project object */;
			proxyType = 1;
			remoteGlobalIDString = D9BFEADB22F68D5A0037D078;
			remoteInfo = "UINavWatch Extension";
		};
		D9BFEAE822F68D5B0037D078 /* PBXContainerItemProxy */ = {
			isa = PBXContainerItemProxy;
			containerPortal = D9BFEAB122F68CC30037D078 /* Project object */;
			proxyType = 1;
			remoteGlobalIDString = D9BFEACF22F68D5A0037D078;
			remoteInfo = UINavWatch;
		};
/* End PBXContainerItemProxy section */

/* Begin PBXCopyFilesBuildPhase section */
		D9BFEAEE22F68D5B0037D078 /* Embed App Extensions */ = {
			isa = PBXCopyFilesBuildPhase;
			buildActionMask = 2147483647;
			dstPath = "";
			dstSubfolderSpec = 13;
			files = (
				D9BFEADD22F68D5A0037D078 /* UINavWatch Extension.appex in Embed App Extensions */,
			);
			name = "Embed App Extensions";
			runOnlyForDeploymentPostprocessing = 0;
		};
		D9BFEAF222F68D5B0037D078 /* Embed Watch Content */ = {
			isa = PBXCopyFilesBuildPhase;
			buildActionMask = 2147483647;
			dstPath = "$(CONTENTS_FOLDER_PATH)/Watch";
			dstSubfolderSpec = 16;
			files = (
				D9BFEAEA22F68D5B0037D078 /* UINavWatch.app in Embed Watch Content */,
			);
			name = "Embed Watch Content";
			runOnlyForDeploymentPostprocessing = 0;
		};
/* End PBXCopyFilesBuildPhase section */

/* Begin PBXFileReference section */
		D986B6CD22F691B900510118 /* SecondInterfaceController.swift */ = {isa = PBXFileReference; lastKnownFileType = sourcecode.swift; path = SecondInterfaceController.swift; sourceTree = "<group>"; };
		D9BFEAB922F68CC30037D078 /* UINavigation.app */ = {isa = PBXFileReference; explicitFileType = wrapper.application; includeInIndex = 0; path = UINavigation.app; sourceTree = BUILT_PRODUCTS_DIR; };
		D9BFEABC22F68CC30037D078 /* AppDelegate.swift */ = {isa = PBXFileReference; lastKnownFileType = sourcecode.swift; path = AppDelegate.swift; sourceTree = "<group>"; };
		D9BFEABE22F68CC30037D078 /* ViewController.swift */ = {isa = PBXFileReference; lastKnownFileType = sourcecode.swift; path = ViewController.swift; sourceTree = "<group>"; };
		D9BFEAC122F68CC30037D078 /* Base */ = {isa = PBXFileReference; lastKnownFileType = file.storyboard; name = Base; path = Base.lproj/Main.storyboard; sourceTree = "<group>"; };
		D9BFEAC322F68CC50037D078 /* Assets.xcassets */ = {isa = PBXFileReference; lastKnownFileType = folder.assetcatalog; path = Assets.xcassets; sourceTree = "<group>"; };
		D9BFEAC622F68CC50037D078 /* Base */ = {isa = PBXFileReference; lastKnownFileType = file.storyboard; name = Base; path = Base.lproj/LaunchScreen.storyboard; sourceTree = "<group>"; };
		D9BFEAC822F68CC50037D078 /* Info.plist */ = {isa = PBXFileReference; lastKnownFileType = text.plist.xml; path = Info.plist; sourceTree = "<group>"; };
		D9BFEAD022F68D5A0037D078 /* UINavWatch.app */ = {isa = PBXFileReference; explicitFileType = wrapper.application; includeInIndex = 0; path = UINavWatch.app; sourceTree = BUILT_PRODUCTS_DIR; };
		D9BFEAD322F68D5A0037D078 /* Base */ = {isa = PBXFileReference; lastKnownFileType = file.storyboard; name = Base; path = Base.lproj/Interface.storyboard; sourceTree = "<group>"; };
		D9BFEAD522F68D5A0037D078 /* Assets.xcassets */ = {isa = PBXFileReference; lastKnownFileType = folder.assetcatalog; path = Assets.xcassets; sourceTree = "<group>"; };
		D9BFEAD722F68D5A0037D078 /* Info.plist */ = {isa = PBXFileReference; lastKnownFileType = text.plist.xml; path = Info.plist; sourceTree = "<group>"; };
		D9BFEADC22F68D5A0037D078 /* UINavWatch Extension.appex */ = {isa = PBXFileReference; explicitFileType = "wrapper.app-extension"; includeInIndex = 0; path = "UINavWatch Extension.appex"; sourceTree = BUILT_PRODUCTS_DIR; };
		D9BFEAE122F68D5A0037D078 /* InterfaceController.swift */ = {isa = PBXFileReference; lastKnownFileType = sourcecode.swift; path = InterfaceController.swift; sourceTree = "<group>"; };
		D9BFEAE322F68D5A0037D078 /* ExtensionDelegate.swift */ = {isa = PBXFileReference; lastKnownFileType = sourcecode.swift; path = ExtensionDelegate.swift; sourceTree = "<group>"; };
		D9BFEAE522F68D5B0037D078 /* Assets.xcassets */ = {isa = PBXFileReference; lastKnownFileType = folder.assetcatalog; path = Assets.xcassets; sourceTree = "<group>"; };
		D9BFEAE722F68D5B0037D078 /* Info.plist */ = {isa = PBXFileReference; lastKnownFileType = text.plist.xml; path = Info.plist; sourceTree = "<group>"; };
/* End PBXFileReference section */

/* Begin PBXFrameworksBuildPhase section */
		D9BFEAB622F68CC30037D078 /* Frameworks */ = {
			isa = PBXFrameworksBuildPhase;
			buildActionMask = 2147483647;
			files = (
			);
			runOnlyForDeploymentPostprocessing = 0;
		};
		D9BFEAD922F68D5A0037D078 /* Frameworks */ = {
			isa = PBXFrameworksBuildPhase;
			buildActionMask = 2147483647;
			files = (
			);
			runOnlyForDeploymentPostprocessing = 0;
		};
/* End PBXFrameworksBuildPhase section */

/* Begin PBXGroup section */
		D9BFEAB022F68CC30037D078 = {
			isa = PBXGroup;
			children = (
				D9BFEABB22F68CC30037D078 /* UINavigation */,
				D9BFEAD122F68D5A0037D078 /* UINavWatch */,
				D9BFEAE022F68D5A0037D078 /* UINavWatch Extension */,
				D9BFEABA22F68CC30037D078 /* Products */,
			);
			sourceTree = "<group>";
		};
		D9BFEABA22F68CC30037D078 /* Products */ = {
			isa = PBXGroup;
			children = (
				D9BFEAB922F68CC30037D078 /* UINavigation.app */,
				D9BFEAD022F68D5A0037D078 /* UINavWatch.app */,
				D9BFEADC22F68D5A0037D078 /* UINavWatch Extension.appex */,
			);
			name = Products;
			sourceTree = "<group>";
		};
		D9BFEABB22F68CC30037D078 /* UINavigation */ = {
			isa = PBXGroup;
			children = (
				D9BFEABC22F68CC30037D078 /* AppDelegate.swift */,
				D9BFEABE22F68CC30037D078 /* ViewController.swift */,
				D9BFEAC022F68CC30037D078 /* Main.storyboard */,
				D9BFEAC322F68CC50037D078 /* Assets.xcassets */,
				D9BFEAC522F68CC50037D078 /* LaunchScreen.storyboard */,
				D9BFEAC822F68CC50037D078 /* Info.plist */,
			);
			path = UINavigation;
			sourceTree = "<group>";
		};
		D9BFEAD122F68D5A0037D078 /* UINavWatch */ = {
			isa = PBXGroup;
			children = (
				D9BFEAD222F68D5A0037D078 /* Interface.storyboard */,
				D9BFEAD522F68D5A0037D078 /* Assets.xcassets */,
				D9BFEAD722F68D5A0037D078 /* Info.plist */,
			);
			path = UINavWatch;
			sourceTree = "<group>";
		};
		D9BFEAE022F68D5A0037D078 /* UINavWatch Extension */ = {
			isa = PBXGroup;
			children = (
				D9BFEAE122F68D5A0037D078 /* InterfaceController.swift */,
				D9BFEAE322F68D5A0037D078 /* ExtensionDelegate.swift */,
				D9BFEAE522F68D5B0037D078 /* Assets.xcassets */,
				D9BFEAE722F68D5B0037D078 /* Info.plist */,
				D986B6CD22F691B900510118 /* SecondInterfaceController.swift */,
			);
			path = "UINavWatch Extension";
			sourceTree = "<group>";
		};
/* End PBXGroup section */

/* Begin PBXNativeTarget section */
		D9BFEAB822F68CC30037D078 /* UINavigation */ = {
			isa = PBXNativeTarget;
			buildConfigurationList = D9BFEACB22F68CC50037D078 /* Build configuration list for PBXNativeTarget "UINavigation" */;
			buildPhases = (
				D9BFEAB522F68CC30037D078 /* Sources */,
				D9BFEAB622F68CC30037D078 /* Frameworks */,
				D9BFEAB722F68CC30037D078 /* Resources */,
				D9BFEAF222F68D5B0037D078 /* Embed Watch Content */,
			);
			buildRules = (
			);
			dependencies = (
				D9BFEAE922F68D5B0037D078 /* PBXTargetDependency */,
			);
			name = UINavigation;
			productName = UINavigation;
			productReference = D9BFEAB922F68CC30037D078 /* UINavigation.app */;
			productType = "com.apple.product-type.application";
		};
		D9BFEACF22F68D5A0037D078 /* UINavWatch */ = {
			isa = PBXNativeTarget;
			buildConfigurationList = D9BFEAEF22F68D5B0037D078 /* Build configuration list for PBXNativeTarget "UINavWatch" */;
			buildPhases = (
				D9BFEACE22F68D5A0037D078 /* Resources */,
				D9BFEAEE22F68D5B0037D078 /* Embed App Extensions */,
			);
			buildRules = (
			);
			dependencies = (
				D9BFEADF22F68D5A0037D078 /* PBXTargetDependency */,
			);
			name = UINavWatch;
			productName = UINavWatch;
			productReference = D9BFEAD022F68D5A0037D078 /* UINavWatch.app */;
			productType = "com.apple.product-type.application.watchapp2";
		};
		D9BFEADB22F68D5A0037D078 /* UINavWatch Extension */ = {
			isa = PBXNativeTarget;
			buildConfigurationList = D9BFEAEB22F68D5B0037D078 /* Build configuration list for PBXNativeTarget "UINavWatch Extension" */;
			buildPhases = (
				D9BFEAD822F68D5A0037D078 /* Sources */,
				D9BFEAD922F68D5A0037D078 /* Frameworks */,
				D9BFEADA22F68D5A0037D078 /* Resources */,
			);
			buildRules = (
			);
			dependencies = (
			);
			name = "UINavWatch Extension";
			productName = "UINavWatch Extension";
			productReference = D9BFEADC22F68D5A0037D078 /* UINavWatch Extension.appex */;
			productType = "com.apple.product-type.watchkit2-extension";
		};
/* End PBXNativeTarget section */

/* Begin PBXProject section */
		D9BFEAB122F68CC30037D078 /* Project object */ = {
			isa = PBXProject;
			attributes = {
				LastSwiftUpdateCheck = 1030;
				LastUpgradeCheck = 1030;
				ORGANIZATIONNAME = "Philip Gross";
				TargetAttributes = {
					D9BFEAB822F68CC30037D078 = {
						CreatedOnToolsVersion = 10.3;
					};
					D9BFEACF22F68D5A0037D078 = {
						CreatedOnToolsVersion = 10.3;
					};
					D9BFEADB22F68D5A0037D078 = {
						CreatedOnToolsVersion = 10.3;
					};
				};
			};
			buildConfigurationList = D9BFEAB422F68CC30037D078 /* Build configuration list for PBXProject "UINavigation" */;
			compatibilityVersion = "Xcode 9.3";
			developmentRegion = en;
			hasScannedForEncodings = 0;
			knownRegions = (
				en,
				Base,
			);
			mainGroup = D9BFEAB022F68CC30037D078;
			productRefGroup = D9BFEABA22F68CC30037D078 /* Products */;
			projectDirPath = "";
			projectRoot = "";
			targets = (
				D9BFEAB822F68CC30037D078 /* UINavigation */,
				D9BFEACF22F68D5A0037D078 /* UINavWatch */,
				D9BFEADB22F68D5A0037D078 /* UINavWatch Extension */,
			);
		};
/* End PBXProject section */

/* Begin PBXResourcesBuildPhase section */
		D9BFEAB722F68CC30037D078 /* Resources */ = {
			isa = PBXResourcesBuildPhase;
			buildActionMask = 2147483647;
			files = (
				D9BFEAC722F68CC50037D078 /* LaunchScreen.storyboard in Resources */,
				D9BFEAC422F68CC50037D078 /* Assets.xcassets in Resources */,
				D9BFEAC222F68CC30037D078 /* Main.storyboard in Resources */,
			);
			runOnlyForDeploymentPostprocessing = 0;
		};
		D9BFEACE22F68D5A0037D078 /* Resources */ = {
			isa = PBXResourcesBuildPhase;
			buildActionMask = 2147483647;
			files = (
				D9BFEAD622F68D5A0037D078 /* Assets.xcassets in Resources */,
				D9BFEAD422F68D5A0037D078 /* Interface.storyboard in Resources */,
			);
			runOnlyForDeploymentPostprocessing = 0;
		};
		D9BFEADA22F68D5A0037D078 /* Resources */ = {
			isa = PBXResourcesBuildPhase;
			buildActionMask = 2147483647;
			files = (
				D9BFEAE622F68D5B0037D078 /* Assets.xcassets in Resources */,
			);
			runOnlyForDeploymentPostprocessing = 0;
		};
/* End PBXResourcesBuildPhase section */

/* Begin PBXSourcesBuildPhase section */
		D9BFEAB522F68CC30037D078 /* Sources */ = {
			isa = PBXSourcesBuildPhase;
			buildActionMask = 2147483647;
			files = (
				D9BFEABF22F68CC30037D078 /* ViewController.swift in Sources */,
				D9BFEABD22F68CC30037D078 /* AppDelegate.swift in Sources */,
			);
			runOnlyForDeploymentPostprocessing = 0;
		};
		D9BFEAD822F68D5A0037D078 /* Sources */ = {
			isa = PBXSourcesBuildPhase;
			buildActionMask = 2147483647;
			files = (
				D9BFEAE422F68D5A0037D078 /* ExtensionDelegate.swift in Sources */,
				D986B6CE22F691B900510118 /* SecondInterfaceController.swift in Sources */,
				D9BFEAE222F68D5A0037D078 /* InterfaceController.swift in Sources */,
			);
			runOnlyForDeploymentPostprocessing = 0;
		};
/* End PBXSourcesBuildPhase section */

/* Begin PBXTargetDependency section */
		D9BFEADF22F68D5A0037D078 /* PBXTargetDependency */ = {
			isa = PBXTargetDependency;
			target = D9BFEADB22F68D5A0037D078 /* UINavWatch Extension */;
			targetProxy = D9BFEADE22F68D5A0037D078 /* PBXContainerItemProxy */;
		};
		D9BFEAE922F68D5B0037D078 /* PBXTargetDependency */ = {
			isa = PBXTargetDependency;
			target = D9BFEACF22F68D5A0037D078 /* UINavWatch */;
			targetProxy = D9BFEAE822F68D5B0037D078 /* PBXContainerItemProxy */;
		};
/* End PBXTargetDependency section */

/* Begin PBXVariantGroup section */
		D9BFEAC022F68CC30037D078 /* Main.storyboard */ = {
			isa = PBXVariantGroup;
			children = (
				D9BFEAC122F68CC30037D078 /* Base */,
			);
			name = Main.storyboard;
			sourceTree = "<group>";
		};
		D9BFEAC522F68CC50037D078 /* LaunchScreen.storyboard */ = {
			isa = PBXVariantGroup;
			children = (
				D9BFEAC622F68CC50037D078 /* Base */,
			);
			name = LaunchScreen.storyboard;
			sourceTree = "<group>";
		};
		D9BFEAD222F68D5A0037D078 /* Interface.storyboard */ = {
			isa = PBXVariantGroup;
			children = (
				D9BFEAD322F68D5A0037D078 /* Base */,
			);
			name = Interface.storyboard;
			sourceTree = "<group>";
		};
/* End PBXVariantGroup section */

/* Begin XCBuildConfiguration section */
		D9BFEAC922F68CC50037D078 /* Debug */ = {
			isa = XCBuildConfiguration;
			buildSettings = {
				ALWAYS_SEARCH_USER_PATHS = NO;
				CLANG_ANALYZER_NONNULL = YES;
				CLANG_ANALYZER_NUMBER_OBJECT_CONVERSION = YES_AGGRESSIVE;
				CLANG_CXX_LANGUAGE_STANDARD = "gnu++14";
				CLANG_CXX_LIBRARY = "libc++";
				CLANG_ENABLE_MODULES = YES;
				CLANG_ENABLE_OBJC_ARC = YES;
				CLANG_ENABLE_OBJC_WEAK = YES;
				CLANG_WARN_BLOCK_CAPTURE_AUTORELEASING = YES;
				CLANG_WARN_BOOL_CONVERSION = YES;
				CLANG_WARN_COMMA = YES;
				CLANG_WARN_CONSTANT_CONVERSION = YES;
				CLANG_WARN_DEPRECATED_OBJC_IMPLEMENTATIONS = YES;
				CLANG_WARN_DIRECT_OBJC_ISA_USAGE = YES_ERROR;
				CLANG_WARN_DOCUMENTATION_COMMENTS = YES;
				CLANG_WARN_EMPTY_BODY = YES;
				CLANG_WARN_ENUM_CONVERSION = YES;
				CLANG_WARN_INFINITE_RECURSION = YES;
				CLANG_WARN_INT_CONVERSION = YES;
				CLANG_WARN_NON_LITERAL_NULL_CONVERSION = YES;
				CLANG_WARN_OBJC_IMPLICIT_RETAIN_SELF = YES;
				CLANG_WARN_OBJC_LITERAL_CONVERSION = YES;
				CLANG_WARN_OBJC_ROOT_CLASS = YES_ERROR;
				CLANG_WARN_RANGE_LOOP_ANALYSIS = YES;
				CLANG_WARN_STRICT_PROTOTYPES = YES;
				CLANG_WARN_SUSPICIOUS_MOVE = YES;
				CLANG_WARN_UNGUARDED_AVAILABILITY = YES_AGGRESSIVE;
				CLANG_WARN_UNREACHABLE_CODE = YES;
				CLANG_WARN__DUPLICATE_METHOD_MATCH = YES;
				CODE_SIGN_IDENTITY = "iPhone Developer";
				COPY_PHASE_STRIP = NO;
				DEBUG_INFORMATION_FORMAT = dwarf;
				ENABLE_STRICT_OBJC_MSGSEND = YES;
				ENABLE_TESTABILITY = YES;
				GCC_C_LANGUAGE_STANDARD = gnu11;
				GCC_DYNAMIC_NO_PIC = NO;
				GCC_NO_COMMON_BLOCKS = YES;
				GCC_OPTIMIZATION_LEVEL = 0;
				GCC_PREPROCESSOR_DEFINITIONS = (
					"DEBUG=1",
					"$(inherited)",
				);
				GCC_WARN_64_TO_32_BIT_CONVERSION = YES;
				GCC_WARN_ABOUT_RETURN_TYPE = YES_ERROR;
				GCC_WARN_UNDECLARED_SELECTOR = YES;
				GCC_WARN_UNINITIALIZED_AUTOS = YES_AGGRESSIVE;
				GCC_WARN_UNUSED_FUNCTION = YES;
				GCC_WARN_UNUSED_VARIABLE = YES;
				IPHONEOS_DEPLOYMENT_TARGET = 12.4;
				MTL_ENABLE_DEBUG_INFO = INCLUDE_SOURCE;
				MTL_FAST_MATH = YES;
				ONLY_ACTIVE_ARCH = YES;
				SDKROOT = iphoneos;
				SWIFT_ACTIVE_COMPILATION_CONDITIONS = DEBUG;
				SWIFT_OPTIMIZATION_LEVEL = "-Onone";
			};
			name = Debug;
		};
		D9BFEACA22F68CC50037D078 /* Release */ = {
			isa = XCBuildConfiguration;
			buildSettings = {
				ALWAYS_SEARCH_USER_PATHS = NO;
				CLANG_ANALYZER_NONNULL = YES;
				CLANG_ANALYZER_NUMBER_OBJECT_CONVERSION = YES_AGGRESSIVE;
				CLANG_CXX_LANGUAGE_STANDARD = "gnu++14";
				CLANG_CXX_LIBRARY = "libc++";
				CLANG_ENABLE_MODULES = YES;
				CLANG_ENABLE_OBJC_ARC = YES;
				CLANG_ENABLE_OBJC_WEAK = YES;
				CLANG_WARN_BLOCK_CAPTURE_AUTORELEASING = YES;
				CLANG_WARN_BOOL_CONVERSION = YES;
				CLANG_WARN_COMMA = YES;
				CLANG_WARN_CONSTANT_CONVERSION = YES;
				CLANG_WARN_DEPRECATED_OBJC_IMPLEMENTATIONS = YES;
				CLANG_WARN_DIRECT_OBJC_ISA_USAGE = YES_ERROR;
				CLANG_WARN_DOCUMENTATION_COMMENTS = YES;
				CLANG_WARN_EMPTY_BODY = YES;
				CLANG_WARN_ENUM_CONVERSION = YES;
				CLANG_WARN_INFINITE_RECURSION = YES;
				CLANG_WARN_INT_CONVERSION = YES;
				CLANG_WARN_NON_LITERAL_NULL_CONVERSION = YES;
				CLANG_WARN_OBJC_IMPLICIT_RETAIN_SELF = YES;
				CLANG_WARN_OBJC_LITERAL_CONVERSION = YES;
				CLANG_WARN_OBJC_ROOT_CLASS = YES_ERROR;
				CLANG_WARN_RANGE_LOOP_ANALYSIS = YES;
				CLANG_WARN_STRICT_PROTOTYPES = YES;
				CLANG_WARN_SUSPICIOUS_MOVE = YES;
				CLANG_WARN_UNGUARDED_AVAILABILITY = YES_AGGRESSIVE;
				CLANG_WARN_UNREACHABLE_CODE = YES;
				CLANG_WARN__DUPLICATE_METHOD_MATCH = YES;
				CODE_SIGN_IDENTITY = "iPhone Developer";
				COPY_PHASE_STRIP = NO;
				DEBUG_INFORMATION_FORMAT = "dwarf-with-dsym";
				ENABLE_NS_ASSERTIONS = NO;
				ENABLE_STRICT_OBJC_MSGSEND = YES;
				GCC_C_LANGUAGE_STANDARD = gnu11;
				GCC_NO_COMMON_BLOCKS = YES;
				GCC_WARN_64_TO_32_BIT_CONVERSION = YES;
				GCC_WARN_ABOUT_RETURN_TYPE = YES_ERROR;
				GCC_WARN_UNDECLARED_SELECTOR = YES;
				GCC_WARN_UNINITIALIZED_AUTOS = YES_AGGRESSIVE;
				GCC_WARN_UNUSED_FUNCTION = YES;
				GCC_WARN_UNUSED_VARIABLE = YES;
				IPHONEOS_DEPLOYMENT_TARGET = 12.4;
				MTL_ENABLE_DEBUG_INFO = NO;
				MTL_FAST_MATH = YES;
				SDKROOT = iphoneos;
				SWIFT_COMPILATION_MODE = wholemodule;
				SWIFT_OPTIMIZATION_LEVEL = "-O";
				VALIDATE_PRODUCT = YES;
			};
			name = Release;
		};
		D9BFEACC22F68CC50037D078 /* Debug */ = {
			isa = XCBuildConfiguration;
			buildSettings = {
				ASSETCATALOG_COMPILER_APPICON_NAME = AppIcon;
				CODE_SIGN_STYLE = Automatic;
				DEVELOPMENT_TEAM = A44VX47B87;
				INFOPLIST_FILE = UINavigation/Info.plist;
				LD_RUNPATH_SEARCH_PATHS = (
					"$(inherited)",
					"@executable_path/Frameworks",
				);
				PRODUCT_BUNDLE_IDENTIFIER = "psg35-yahoo.com.UINavigation";
				PRODUCT_NAME = "$(TARGET_NAME)";
				SWIFT_VERSION = 5.0;
				TARGETED_DEVICE_FAMILY = "1,2";
			};
			name = Debug;
		};
		D9BFEACD22F68CC50037D078 /* Release */ = {
			isa = XCBuildConfiguration;
			buildSettings = {
				ASSETCATALOG_COMPILER_APPICON_NAME = AppIcon;
				CODE_SIGN_STYLE = Automatic;
				DEVELOPMENT_TEAM = A44VX47B87;
				INFOPLIST_FILE = UINavigation/Info.plist;
				LD_RUNPATH_SEARCH_PATHS = (
					"$(inherited)",
					"@executable_path/Frameworks",
				);
				PRODUCT_BUNDLE_IDENTIFIER = "psg35-yahoo.com.UINavigation";
				PRODUCT_NAME = "$(TARGET_NAME)";
				SWIFT_VERSION = 5.0;
				TARGETED_DEVICE_FAMILY = "1,2";
			};
			name = Release;
		};
		D9BFEAEC22F68D5B0037D078 /* Debug */ = {
			isa = XCBuildConfiguration;
			buildSettings = {
				ASSETCATALOG_COMPILER_COMPLICATION_NAME = Complication;
				CODE_SIGN_STYLE = Automatic;
				DEVELOPMENT_TEAM = A44VX47B87;
				INFOPLIST_FILE = "UINavWatch Extension/Info.plist";
				LD_RUNPATH_SEARCH_PATHS = (
					"$(inherited)",
					"@executable_path/Frameworks",
					"@executable_path/../../Frameworks",
				);
				PRODUCT_BUNDLE_IDENTIFIER = "psg35-yahoo.com.UINavigation.watchkitapp.watchkitextension";
				PRODUCT_NAME = "${TARGET_NAME}";
				SDKROOT = watchos;
				SKIP_INSTALL = YES;
				SWIFT_VERSION = 5.0;
				TARGETED_DEVICE_FAMILY = 4;
				WATCHOS_DEPLOYMENT_TARGET = 5.3;
			};
			name = Debug;
		};
		D9BFEAED22F68D5B0037D078 /* Release */ = {
			isa = XCBuildConfiguration;
			buildSettings = {
				ASSETCATALOG_COMPILER_COMPLICATION_NAME = Complication;
				CODE_SIGN_STYLE = Automatic;
				DEVELOPMENT_TEAM = A44VX47B87;
				INFOPLIST_FILE = "UINavWatch Extension/Info.plist";
				LD_RUNPATH_SEARCH_PATHS = (
					"$(inherited)",
					"@executable_path/Frameworks",
					"@executable_path/../../Frameworks",
				);
				PRODUCT_BUNDLE_IDENTIFIER = "psg35-yahoo.com.UINavigation.watchkitapp.watchkitextension";
				PRODUCT_NAME = "${TARGET_NAME}";
				SDKROOT = watchos;
				SKIP_INSTALL = YES;
				SWIFT_VERSION = 5.0;
				TARGETED_DEVICE_FAMILY = 4;
				WATCHOS_DEPLOYMENT_TARGET = 5.3;
			};
			name = Release;
		};
		D9BFEAF022F68D5B0037D078 /* Debug */ = {
			isa = XCBuildConfiguration;
			buildSettings = {
				ALWAYS_EMBED_SWIFT_STANDARD_LIBRARIES = YES;
				ASSETCATALOG_COMPILER_APPICON_NAME = AppIcon;
				CODE_SIGN_STYLE = Automatic;
				DEVELOPMENT_TEAM = A44VX47B87;
				IBSC_MODULE = UINavWatch_Extension;
				INFOPLIST_FILE = UINavWatch/Info.plist;
				PRODUCT_BUNDLE_IDENTIFIER = "psg35-yahoo.com.UINavigation.watchkitapp";
				PRODUCT_NAME = "$(TARGET_NAME)";
				SDKROOT = watchos;
				SKIP_INSTALL = YES;
				SWIFT_VERSION = 5.0;
				TARGETED_DEVICE_FAMILY = 4;
				WATCHOS_DEPLOYMENT_TARGET = 5.3;
			};
			name = Debug;
		};
		D9BFEAF122F68D5B0037D078 /* Release */ = {
			isa = XCBuildConfiguration;
			buildSettings = {
				ALWAYS_EMBED_SWIFT_STANDARD_LIBRARIES = YES;
				ASSETCATALOG_COMPILER_APPICON_NAME = AppIcon;
				CODE_SIGN_STYLE = Automatic;
				DEVELOPMENT_TEAM = A44VX47B87;
				IBSC_MODULE = UINavWatch_Extension;
				INFOPLIST_FILE = UINavWatch/Info.plist;
				PRODUCT_BUNDLE_IDENTIFIER = "psg35-yahoo.com.UINavigation.watchkitapp";
				PRODUCT_NAME = "$(TARGET_NAME)";
				SDKROOT = watchos;
				SKIP_INSTALL = YES;
				SWIFT_VERSION = 5.0;
				TARGETED_DEVICE_FAMILY = 4;
				WATCHOS_DEPLOYMENT_TARGET = 5.3;
			};
			name = Release;
		};
/* End XCBuildConfiguration section */

/* Begin XCConfigurationList section */
		D9BFEAB422F68CC30037D078 /* Build configuration list for PBXProject "UINavigation" */ = {
			isa = XCConfigurationList;
			buildConfigurations = (
				D9BFEAC922F68CC50037D078 /* Debug */,
				D9BFEACA22F68CC50037D078 /* Release */,
			);
			defaultConfigurationIsVisible = 0;
			defaultConfigurationName = Release;
		};
		D9BFEACB22F68CC50037D078 /* Build configuration list for PBXNativeTarget "UINavigation" */ = {
			isa = XCConfigurationList;
			buildConfigurations = (
				D9BFEACC22F68CC50037D078 /* Debug */,
				D9BFEACD22F68CC50037D078 /* Release */,
			);
			defaultConfigurationIsVisible = 0;
			defaultConfigurationName = Release;
		};
		D9BFEAEB22F68D5B0037D078 /* Build configuration list for PBXNativeTarget "UINavWatch Extension" */ = {
			isa = XCConfigurationList;
			buildConfigurations = (
				D9BFEAEC22F68D5B0037D078 /* Debug */,
				D9BFEAED22F68D5B0037D078 /* Release */,
			);
			defaultConfigurationIsVisible = 0;
			defaultConfigurationName = Release;
		};
		D9BFEAEF22F68D5B0037D078 /* Build configuration list for PBXNativeTarget "UINavWatch" */ = {
			isa = XCConfigurationList;
			buildConfigurations = (
				D9BFEAF022F68D5B0037D078 /* Debug */,
				D9BFEAF122F68D5B0037D078 /* Release */,
			);
			defaultConfigurationIsVisible = 0;
			defaultConfigurationName = Release;
		};
/* End XCConfigurationList section */
	};
	rootObject = D9BFEAB122F68CC30037D078 /* Project object */;
}
