// !$*UTF8*$!
{
	archiveVersion = 1;
	classes = {
	};
	objectVersion = 55;
	objects = {

/* Begin PBXBuildFile section */
		1D0799E9D9D9F0A16C7E14FB /* Pods_CryptoSwiftApp.framework in Frameworks */ = {isa = PBXBuildFile; fileRef = E22A81D95CE398A420F82D6D /* Pods_CryptoSwiftApp.framework */; };
		D9AAA72C28C3BC1400BD01F3 /* CryptoSwiftAppApp.swift in Sources */ = {isa = PBXBuildFile; fileRef = D9AAA72B28C3BC1400BD01F3 /* CryptoSwiftAppApp.swift */; };
		D9AAA72E28C3BC1400BD01F3 /* ContentView.swift in Sources */ = {isa = PBXBuildFile; fileRef = D9AAA72D28C3BC1400BD01F3 /* ContentView.swift */; };
		D9AAA73028C3BC1500BD01F3 /* Assets.xcassets in Resources */ = {isa = PBXBuildFile; fileRef = D9AAA72F28C3BC1500BD01F3 /* Assets.xcassets */; };
		D9AAA73328C3BC1500BD01F3 /* Preview Assets.xcassets in Resources */ = {isa = PBXBuildFile; fileRef = D9AAA73228C3BC1500BD01F3 /* Preview Assets.xcassets */; };
		D9AAA73A28C3BCEA00BD01F3 /* CryptoSwiftClass.swift in Sources */ = {isa = PBXBuildFile; fileRef = D9AAA73928C3BCEA00BD01F3 /* CryptoSwiftClass.swift */; };
/* End PBXBuildFile section */

/* Begin PBXFileReference section */
		7759C43B18C76138081D5692 /* Pods-CryptoSwiftApp.release.xcconfig */ = {isa = PBXFileReference; includeInIndex = 1; lastKnownFileType = text.xcconfig; name = "Pods-CryptoSwiftApp.release.xcconfig"; path = "Target Support Files/Pods-CryptoSwiftApp/Pods-CryptoSwiftApp.release.xcconfig"; sourceTree = "<group>"; };
		B72C3D2F93F102966D3A9B87 /* Pods-CryptoSwiftApp.debug.xcconfig */ = {isa = PBXFileReference; includeInIndex = 1; lastKnownFileType = text.xcconfig; name = "Pods-CryptoSwiftApp.debug.xcconfig"; path = "Target Support Files/Pods-CryptoSwiftApp/Pods-CryptoSwiftApp.debug.xcconfig"; sourceTree = "<group>"; };
		D9AAA72828C3BC1400BD01F3 /* CryptoSwiftApp.app */ = {isa = PBXFileReference; explicitFileType = wrapper.application; includeInIndex = 0; path = CryptoSwiftApp.app; sourceTree = BUILT_PRODUCTS_DIR; };
		D9AAA72B28C3BC1400BD01F3 /* CryptoSwiftAppApp.swift */ = {isa = PBXFileReference; lastKnownFileType = sourcecode.swift; path = CryptoSwiftAppApp.swift; sourceTree = "<group>"; };
		D9AAA72D28C3BC1400BD01F3 /* ContentView.swift */ = {isa = PBXFileReference; lastKnownFileType = sourcecode.swift; path = ContentView.swift; sourceTree = "<group>"; };
		D9AAA72F28C3BC1500BD01F3 /* Assets.xcassets */ = {isa = PBXFileReference; lastKnownFileType = folder.assetcatalog; path = Assets.xcassets; sourceTree = "<group>"; };
		D9AAA73228C3BC1500BD01F3 /* Preview Assets.xcassets */ = {isa = PBXFileReference; lastKnownFileType = folder.assetcatalog; path = "Preview Assets.xcassets"; sourceTree = "<group>"; };
		D9AAA73928C3BCEA00BD01F3 /* CryptoSwiftClass.swift */ = {isa = PBXFileReference; lastKnownFileType = sourcecode.swift; path = CryptoSwiftClass.swift; sourceTree = "<group>"; };
		E22A81D95CE398A420F82D6D /* Pods_CryptoSwiftApp.framework */ = {isa = PBXFileReference; explicitFileType = wrapper.framework; includeInIndex = 0; path = Pods_CryptoSwiftApp.framework; sourceTree = BUILT_PRODUCTS_DIR; };
/* End PBXFileReference section */

/* Begin PBXFrameworksBuildPhase section */
		D9AAA72528C3BC1300BD01F3 /* Frameworks */ = {
			isa = PBXFrameworksBuildPhase;
			buildActionMask = 2147483647;
			files = (
				1D0799E9D9D9F0A16C7E14FB /* Pods_CryptoSwiftApp.framework in Frameworks */,
			);
			runOnlyForDeploymentPostprocessing = 0;
		};
/* End PBXFrameworksBuildPhase section */

/* Begin PBXGroup section */
		1A4D2B5DD71EABA99AB27DD4 /* Frameworks */ = {
			isa = PBXGroup;
			children = (
				E22A81D95CE398A420F82D6D /* Pods_CryptoSwiftApp.framework */,
			);
			name = Frameworks;
			sourceTree = "<group>";
		};
		2EB4C7E1F6EA2FEDA2080922 /* Pods */ = {
			isa = PBXGroup;
			children = (
				B72C3D2F93F102966D3A9B87 /* Pods-CryptoSwiftApp.debug.xcconfig */,
				7759C43B18C76138081D5692 /* Pods-CryptoSwiftApp.release.xcconfig */,
			);
			path = Pods;
			sourceTree = "<group>";
		};
		D9AAA71F28C3BC1300BD01F3 = {
			isa = PBXGroup;
			children = (
				D9AAA73928C3BCEA00BD01F3 /* CryptoSwiftClass.swift */,
				D9AAA72A28C3BC1400BD01F3 /* CryptoSwiftApp */,
				D9AAA72928C3BC1400BD01F3 /* Products */,
				2EB4C7E1F6EA2FEDA2080922 /* Pods */,
				1A4D2B5DD71EABA99AB27DD4 /* Frameworks */,
			);
			sourceTree = "<group>";
		};
		D9AAA72928C3BC1400BD01F3 /* Products */ = {
			isa = PBXGroup;
			children = (
				D9AAA72828C3BC1400BD01F3 /* CryptoSwiftApp.app */,
			);
			name = Products;
			sourceTree = "<group>";
		};
		D9AAA72A28C3BC1400BD01F3 /* CryptoSwiftApp */ = {
			isa = PBXGroup;
			children = (
				D9AAA72B28C3BC1400BD01F3 /* CryptoSwiftAppApp.swift */,
				D9AAA72D28C3BC1400BD01F3 /* ContentView.swift */,
				D9AAA72F28C3BC1500BD01F3 /* Assets.xcassets */,
				D9AAA73128C3BC1500BD01F3 /* Preview Content */,
			);
			path = CryptoSwiftApp;
			sourceTree = "<group>";
		};
		D9AAA73128C3BC1500BD01F3 /* Preview Content */ = {
			isa = PBXGroup;
			children = (
				D9AAA73228C3BC1500BD01F3 /* Preview Assets.xcassets */,
			);
			path = "Preview Content";
			sourceTree = "<group>";
		};
/* End PBXGroup section */

/* Begin PBXNativeTarget section */
		D9AAA72728C3BC1300BD01F3 /* CryptoSwiftApp */ = {
			isa = PBXNativeTarget;
			buildConfigurationList = D9AAA73628C3BC1500BD01F3 /* Build configuration list for PBXNativeTarget "CryptoSwiftApp" */;
			buildPhases = (
				843EE6846A8F1F43C34EB975 /* [CP] Check Pods Manifest.lock */,
				D9AAA72428C3BC1300BD01F3 /* Sources */,
				D9AAA72528C3BC1300BD01F3 /* Frameworks */,
				D9AAA72628C3BC1300BD01F3 /* Resources */,
				91C9498C0873F7BA68B1164A /* [CP] Embed Pods Frameworks */,
			);
			buildRules = (
			);
			dependencies = (
			);
			name = CryptoSwiftApp;
			productName = CryptoSwiftApp;
			productReference = D9AAA72828C3BC1400BD01F3 /* CryptoSwiftApp.app */;
			productType = "com.apple.product-type.application";
		};
/* End PBXNativeTarget section */

/* Begin PBXProject section */
		D9AAA72028C3BC1300BD01F3 /* Project object */ = {
			isa = PBXProject;
			attributes = {
				BuildIndependentTargetsInParallel = 1;
				LastSwiftUpdateCheck = 1340;
				LastUpgradeCheck = 1340;
				TargetAttributes = {
					D9AAA72728C3BC1300BD01F3 = {
						CreatedOnToolsVersion = 13.4.1;
					};
				};
			};
			buildConfigurationList = D9AAA72328C3BC1300BD01F3 /* Build configuration list for PBXProject "CryptoSwiftApp" */;
			compatibilityVersion = "Xcode 13.0";
			developmentRegion = en;
			hasScannedForEncodings = 0;
			knownRegions = (
				en,
				Base,
			);
			mainGroup = D9AAA71F28C3BC1300BD01F3;
			productRefGroup = D9AAA72928C3BC1400BD01F3 /* Products */;
			projectDirPath = "";
			projectRoot = "";
			targets = (
				D9AAA72728C3BC1300BD01F3 /* CryptoSwiftApp */,
			);
		};
/* End PBXProject section */

/* Begin PBXResourcesBuildPhase section */
		D9AAA72628C3BC1300BD01F3 /* Resources */ = {
			isa = PBXResourcesBuildPhase;
			buildActionMask = 2147483647;
			files = (
				D9AAA73328C3BC1500BD01F3 /* Preview Assets.xcassets in Resources */,
				D9AAA73028C3BC1500BD01F3 /* Assets.xcassets in Resources */,
			);
			runOnlyForDeploymentPostprocessing = 0;
		};
/* End PBXResourcesBuildPhase section */

/* Begin PBXShellScriptBuildPhase section */
		843EE6846A8F1F43C34EB975 /* [CP] Check Pods Manifest.lock */ = {
			isa = PBXShellScriptBuildPhase;
			buildActionMask = 2147483647;
			files = (
			);
			inputFileListPaths = (
			);
			inputPaths = (
				"${PODS_PODFILE_DIR_PATH}/Podfile.lock",
				"${PODS_ROOT}/Manifest.lock",
			);
			name = "[CP] Check Pods Manifest.lock";
			outputFileListPaths = (
			);
			outputPaths = (
				"$(DERIVED_FILE_DIR)/Pods-CryptoSwiftApp-checkManifestLockResult.txt",
			);
			runOnlyForDeploymentPostprocessing = 0;
			shellPath = /bin/sh;
			shellScript = "diff \"${PODS_PODFILE_DIR_PATH}/Podfile.lock\" \"${PODS_ROOT}/Manifest.lock\" > /dev/null\nif [ $? != 0 ] ; then\n    # print error to STDERR\n    echo \"error: The sandbox is not in sync with the Podfile.lock. Run 'pod install' or update your CocoaPods installation.\" >&2\n    exit 1\nfi\n# This output is used by Xcode 'outputs' to avoid re-running this script phase.\necho \"SUCCESS\" > \"${SCRIPT_OUTPUT_FILE_0}\"\n";
			showEnvVarsInLog = 0;
		};
		91C9498C0873F7BA68B1164A /* [CP] Embed Pods Frameworks */ = {
			isa = PBXShellScriptBuildPhase;
			buildActionMask = 2147483647;
			files = (
			);
			inputFileListPaths = (
				"${PODS_ROOT}/Target Support Files/Pods-CryptoSwiftApp/Pods-CryptoSwiftApp-frameworks-${CONFIGURATION}-input-files.xcfilelist",
			);
			name = "[CP] Embed Pods Frameworks";
			outputFileListPaths = (
				"${PODS_ROOT}/Target Support Files/Pods-CryptoSwiftApp/Pods-CryptoSwiftApp-frameworks-${CONFIGURATION}-output-files.xcfilelist",
			);
			runOnlyForDeploymentPostprocessing = 0;
			shellPath = /bin/sh;
			shellScript = "\"${PODS_ROOT}/Target Support Files/Pods-CryptoSwiftApp/Pods-CryptoSwiftApp-frameworks.sh\"\n";
			showEnvVarsInLog = 0;
		};
/* End PBXShellScriptBuildPhase section */

/* Begin PBXSourcesBuildPhase section */
		D9AAA72428C3BC1300BD01F3 /* Sources */ = {
			isa = PBXSourcesBuildPhase;
			buildActionMask = 2147483647;
			files = (
				D9AAA72E28C3BC1400BD01F3 /* ContentView.swift in Sources */,
				D9AAA73A28C3BCEA00BD01F3 /* CryptoSwiftClass.swift in Sources */,
				D9AAA72C28C3BC1400BD01F3 /* CryptoSwiftAppApp.swift in Sources */,
			);
			runOnlyForDeploymentPostprocessing = 0;
		};
/* End PBXSourcesBuildPhase section */

/* Begin XCBuildConfiguration section */
		D9AAA73428C3BC1500BD01F3 /* Debug */ = {
			isa = XCBuildConfiguration;
			buildSettings = {
				ALWAYS_SEARCH_USER_PATHS = NO;
				CLANG_ANALYZER_NONNULL = YES;
				CLANG_ANALYZER_NUMBER_OBJECT_CONVERSION = YES_AGGRESSIVE;
				CLANG_CXX_LANGUAGE_STANDARD = "gnu++17";
				CLANG_ENABLE_MODULES = YES;
				CLANG_ENABLE_OBJC_ARC = YES;
				CLANG_ENABLE_OBJC_WEAK = YES;
				CLANG_WARN_BLOCK_CAPTURE_AUTORELEASING = YES;
				CLANG_WARN_BOOL_CONVERSION = YES;
				CLANG_WARN_COMMA = YES;
				CLANG_WARN_CONSTANT_CONVERSION = YES;
				CLANG_WARN_DEPRECATED_OBJC_IMPLEMENTATIONS = YES;
				CLANG_WARN_DIRECT_OBJC_ISA_USAGE = YES_ERROR;
				CLANG_WARN_DOCUMENTATION_COMMENTS = YES;
				CLANG_WARN_EMPTY_BODY = YES;
				CLANG_WARN_ENUM_CONVERSION = YES;
				CLANG_WARN_INFINITE_RECURSION = YES;
				CLANG_WARN_INT_CONVERSION = YES;
				CLANG_WARN_NON_LITERAL_NULL_CONVERSION = YES;
				CLANG_WARN_OBJC_IMPLICIT_RETAIN_SELF = YES;
				CLANG_WARN_OBJC_LITERAL_CONVERSION = YES;
				CLANG_WARN_OBJC_ROOT_CLASS = YES_ERROR;
				CLANG_WARN_QUOTED_INCLUDE_IN_FRAMEWORK_HEADER = YES;
				CLANG_WARN_RANGE_LOOP_ANALYSIS = YES;
				CLANG_WARN_STRICT_PROTOTYPES = YES;
				CLANG_WARN_SUSPICIOUS_MOVE = YES;
				CLANG_WARN_UNGUARDED_AVAILABILITY = YES_AGGRESSIVE;
				CLANG_WARN_UNREACHABLE_CODE = YES;
				CLANG_WARN__DUPLICATE_METHOD_MATCH = YES;
				COPY_PHASE_STRIP = NO;
				DEBUG_INFORMATION_FORMAT = dwarf;
				ENABLE_STRICT_OBJC_MSGSEND = YES;
				ENABLE_TESTABILITY = YES;
				GCC_C_LANGUAGE_STANDARD = gnu11;
				GCC_DYNAMIC_NO_PIC = NO;
				GCC_NO_COMMON_BLOCKS = YES;
				GCC_OPTIMIZATION_LEVEL = 0;
				GCC_PREPROCESSOR_DEFINITIONS = (
					"DEBUG=1",
					"$(inherited)",
				);
				GCC_WARN_64_TO_32_BIT_CONVERSION = YES;
				GCC_WARN_ABOUT_RETURN_TYPE = YES_ERROR;
				GCC_WARN_UNDECLARED_SELECTOR = YES;
				GCC_WARN_UNINITIALIZED_AUTOS = YES_AGGRESSIVE;
				GCC_WARN_UNUSED_FUNCTION = YES;
				GCC_WARN_UNUSED_VARIABLE = YES;
				IPHONEOS_DEPLOYMENT_TARGET = 15.5;
				MTL_ENABLE_DEBUG_INFO = INCLUDE_SOURCE;
				MTL_FAST_MATH = YES;
				ONLY_ACTIVE_ARCH = YES;
				SDKROOT = iphoneos;
				SWIFT_ACTIVE_COMPILATION_CONDITIONS = DEBUG;
				SWIFT_OPTIMIZATION_LEVEL = "-Onone";
			};
			name = Debug;
		};
		D9AAA73528C3BC1500BD01F3 /* Release */ = {
			isa = XCBuildConfiguration;
			buildSettings = {
				ALWAYS_SEARCH_USER_PATHS = NO;
				CLANG_ANALYZER_NONNULL = YES;
				CLANG_ANALYZER_NUMBER_OBJECT_CONVERSION = YES_AGGRESSIVE;
				CLANG_CXX_LANGUAGE_STANDARD = "gnu++17";
				CLANG_ENABLE_MODULES = YES;
				CLANG_ENABLE_OBJC_ARC = YES;
				CLANG_ENABLE_OBJC_WEAK = YES;
				CLANG_WARN_BLOCK_CAPTURE_AUTORELEASING = YES;
				CLANG_WARN_BOOL_CONVERSION = YES;
				CLANG_WARN_COMMA = YES;
				CLANG_WARN_CONSTANT_CONVERSION = YES;
				CLANG_WARN_DEPRECATED_OBJC_IMPLEMENTATIONS = YES;
				CLANG_WARN_DIRECT_OBJC_ISA_USAGE = YES_ERROR;
				CLANG_WARN_DOCUMENTATION_COMMENTS = YES;
				CLANG_WARN_EMPTY_BODY = YES;
				CLANG_WARN_ENUM_CONVERSION = YES;
				CLANG_WARN_INFINITE_RECURSION = YES;
				CLANG_WARN_INT_CONVERSION = YES;
				CLANG_WARN_NON_LITERAL_NULL_CONVERSION = YES;
				CLANG_WARN_OBJC_IMPLICIT_RETAIN_SELF = YES;
				CLANG_WARN_OBJC_LITERAL_CONVERSION = YES;
				CLANG_WARN_OBJC_ROOT_CLASS = YES_ERROR;
				CLANG_WARN_QUOTED_INCLUDE_IN_FRAMEWORK_HEADER = YES;
				CLANG_WARN_RANGE_LOOP_ANALYSIS = YES;
				CLANG_WARN_STRICT_PROTOTYPES = YES;
				CLANG_WARN_SUSPICIOUS_MOVE = YES;
				CLANG_WARN_UNGUARDED_AVAILABILITY = YES_AGGRESSIVE;
				CLANG_WARN_UNREACHABLE_CODE = YES;
				CLANG_WARN__DUPLICATE_METHOD_MATCH = YES;
				COPY_PHASE_STRIP = NO;
				DEBUG_INFORMATION_FORMAT = "dwarf-with-dsym";
				ENABLE_NS_ASSERTIONS = NO;
				ENABLE_STRICT_OBJC_MSGSEND = YES;
				GCC_C_LANGUAGE_STANDARD = gnu11;
				GCC_NO_COMMON_BLOCKS = YES;
				GCC_WARN_64_TO_32_BIT_CONVERSION = YES;
				GCC_WARN_ABOUT_RETURN_TYPE = YES_ERROR;
				GCC_WARN_UNDECLARED_SELECTOR = YES;
				GCC_WARN_UNINITIALIZED_AUTOS = YES_AGGRESSIVE;
				GCC_WARN_UNUSED_FUNCTION = YES;
				GCC_WARN_UNUSED_VARIABLE = YES;
				IPHONEOS_DEPLOYMENT_TARGET = 15.5;
				MTL_ENABLE_DEBUG_INFO = NO;
				MTL_FAST_MATH = YES;
				SDKROOT = iphoneos;
				SWIFT_COMPILATION_MODE = wholemodule;
				SWIFT_OPTIMIZATION_LEVEL = "-O";
				VALIDATE_PRODUCT = YES;
			};
			name = Release;
		};
		D9AAA73728C3BC1500BD01F3 /* Debug */ = {
			isa = XCBuildConfiguration;
			baseConfigurationReference = B72C3D2F93F102966D3A9B87 /* Pods-CryptoSwiftApp.debug.xcconfig */;
			buildSettings = {
				ASSETCATALOG_COMPILER_APPICON_NAME = AppIcon;
				ASSETCATALOG_COMPILER_GLOBAL_ACCENT_COLOR_NAME = AccentColor;
				CODE_SIGN_STYLE = Automatic;
				CURRENT_PROJECT_VERSION = 1;
				DEVELOPMENT_ASSET_PATHS = "\"CryptoSwiftApp/Preview Content\"";
				DEVELOPMENT_TEAM = A44VX47B87;
				ENABLE_PREVIEWS = YES;
				GENERATE_INFOPLIST_FILE = YES;
				INFOPLIST_KEY_UIApplicationSceneManifest_Generation = YES;
				INFOPLIST_KEY_UIApplicationSupportsIndirectInputEvents = YES;
				INFOPLIST_KEY_UILaunchScreen_Generation = YES;
				INFOPLIST_KEY_UISupportedInterfaceOrientations_iPad = "UIInterfaceOrientationPortrait UIInterfaceOrientationPortraitUpsideDown UIInterfaceOrientationLandscapeLeft UIInterfaceOrientationLandscapeRight";
				INFOPLIST_KEY_UISupportedInterfaceOrientations_iPhone = "UIInterfaceOrientationPortrait UIInterfaceOrientationLandscapeLeft UIInterfaceOrientationLandscapeRight";
				LD_RUNPATH_SEARCH_PATHS = (
					"$(inherited)",
					"@executable_path/Frameworks",
				);
				MARKETING_VERSION = 1.0;
				PRODUCT_BUNDLE_IDENTIFIER = "psg35-icloud.com.CryptoSwiftApp";
				PRODUCT_NAME = "$(TARGET_NAME)";
				SWIFT_EMIT_LOC_STRINGS = YES;
				SWIFT_VERSION = 5.0;
				TARGETED_DEVICE_FAMILY = "1,2";
			};
			name = Debug;
		};
		D9AAA73828C3BC1500BD01F3 /* Release */ = {
			isa = XCBuildConfiguration;
			baseConfigurationReference = 7759C43B18C76138081D5692 /* Pods-CryptoSwiftApp.release.xcconfig */;
			buildSettings = {
				ASSETCATALOG_COMPILER_APPICON_NAME = AppIcon;
				ASSETCATALOG_COMPILER_GLOBAL_ACCENT_COLOR_NAME = AccentColor;
				CODE_SIGN_STYLE = Automatic;
				CURRENT_PROJECT_VERSION = 1;
				DEVELOPMENT_ASSET_PATHS = "\"CryptoSwiftApp/Preview Content\"";
				DEVELOPMENT_TEAM = A44VX47B87;
				ENABLE_PREVIEWS = YES;
				GENERATE_INFOPLIST_FILE = YES;
				INFOPLIST_KEY_UIApplicationSceneManifest_Generation = YES;
				INFOPLIST_KEY_UIApplicationSupportsIndirectInputEvents = YES;
				INFOPLIST_KEY_UILaunchScreen_Generation = YES;
				INFOPLIST_KEY_UISupportedInterfaceOrientations_iPad = "UIInterfaceOrientationPortrait UIInterfaceOrientationPortraitUpsideDown UIInterfaceOrientationLandscapeLeft UIInterfaceOrientationLandscapeRight";
				INFOPLIST_KEY_UISupportedInterfaceOrientations_iPhone = "UIInterfaceOrientationPortrait UIInterfaceOrientationLandscapeLeft UIInterfaceOrientationLandscapeRight";
				LD_RUNPATH_SEARCH_PATHS = (
					"$(inherited)",
					"@executable_path/Frameworks",
				);
				MARKETING_VERSION = 1.0;
				PRODUCT_BUNDLE_IDENTIFIER = "psg35-icloud.com.CryptoSwiftApp";
				PRODUCT_NAME = "$(TARGET_NAME)";
				SWIFT_EMIT_LOC_STRINGS = YES;
				SWIFT_VERSION = 5.0;
				TARGETED_DEVICE_FAMILY = "1,2";
			};
			name = Release;
		};
/* End XCBuildConfiguration section */

/* Begin XCConfigurationList section */
		D9AAA72328C3BC1300BD01F3 /* Build configuration list for PBXProject "CryptoSwiftApp" */ = {
			isa = XCConfigurationList;
			buildConfigurations = (
				D9AAA73428C3BC1500BD01F3 /* Debug */,
				D9AAA73528C3BC1500BD01F3 /* Release */,
			);
			defaultConfigurationIsVisible = 0;
			defaultConfigurationName = Release;
		};
		D9AAA73628C3BC1500BD01F3 /* Build configuration list for PBXNativeTarget "CryptoSwiftApp" */ = {
			isa = XCConfigurationList;
			buildConfigurations = (
				D9AAA73728C3BC1500BD01F3 /* Debug */,
				D9AAA73828C3BC1500BD01F3 /* Release */,
			);
			defaultConfigurationIsVisible = 0;
			defaultConfigurationName = Release;
		};
/* End XCConfigurationList section */
	};
	rootObject = D9AAA72028C3BC1300BD01F3 /* Project object */;
}
