// !$*UTF8*$!
{
	archiveVersion = 1;
	classes = {
	};
	objectVersion = 50;
	objects = {

/* Begin PBXBuildFile section */
		D975EB69231B09860069C838 /* AppDelegate.swift in Sources */ = {isa = PBXBuildFile; fileRef = D975EB68231B09860069C838 /* AppDelegate.swift */; };
		D975EB6B231B09860069C838 /* RootViewController.swift in Sources */ = {isa = PBXBuildFile; fileRef = D975EB6A231B09860069C838 /* RootViewController.swift */; };
		D975EB6D231B09860069C838 /* DataViewController.swift in Sources */ = {isa = PBXBuildFile; fileRef = D975EB6C231B09860069C838 /* DataViewController.swift */; };
		D975EB6F231B09860069C838 /* ModelController.swift in Sources */ = {isa = PBXBuildFile; fileRef = D975EB6E231B09860069C838 /* ModelController.swift */; };
		D975EB72231B09860069C838 /* Main.storyboard in Resources */ = {isa = PBXBuildFile; fileRef = D975EB70231B09860069C838 /* Main.storyboard */; };
		D975EB74231B09870069C838 /* Assets.xcassets in Resources */ = {isa = PBXBuildFile; fileRef = D975EB73231B09870069C838 /* Assets.xcassets */; };
		D975EB77231B09870069C838 /* LaunchScreen.storyboard in Resources */ = {isa = PBXBuildFile; fileRef = D975EB75231B09870069C838 /* LaunchScreen.storyboard */; };
/* End PBXBuildFile section */

/* Begin PBXFileReference section */
		D975EB65231B09860069C838 /* FoodSelector.app */ = {isa = PBXFileReference; explicitFileType = wrapper.application; includeInIndex = 0; path = FoodSelector.app; sourceTree = BUILT_PRODUCTS_DIR; };
		D975EB68231B09860069C838 /* AppDelegate.swift */ = {isa = PBXFileReference; lastKnownFileType = sourcecode.swift; path = AppDelegate.swift; sourceTree = "<group>"; };
		D975EB6A231B09860069C838 /* RootViewController.swift */ = {isa = PBXFileReference; lastKnownFileType = sourcecode.swift; path = RootViewController.swift; sourceTree = "<group>"; };
		D975EB6C231B09860069C838 /* DataViewController.swift */ = {isa = PBXFileReference; lastKnownFileType = sourcecode.swift; path = DataViewController.swift; sourceTree = "<group>"; };
		D975EB6E231B09860069C838 /* ModelController.swift */ = {isa = PBXFileReference; lastKnownFileType = sourcecode.swift; path = ModelController.swift; sourceTree = "<group>"; };
		D975EB71231B09860069C838 /* Base */ = {isa = PBXFileReference; lastKnownFileType = file.storyboard; name = Base; path = Base.lproj/Main.storyboard; sourceTree = "<group>"; };
		D975EB73231B09870069C838 /* Assets.xcassets */ = {isa = PBXFileReference; lastKnownFileType = folder.assetcatalog; path = Assets.xcassets; sourceTree = "<group>"; };
		D975EB76231B09870069C838 /* Base */ = {isa = PBXFileReference; lastKnownFileType = file.storyboard; name = Base; path = Base.lproj/LaunchScreen.storyboard; sourceTree = "<group>"; };
		D975EB78231B09870069C838 /* Info.plist */ = {isa = PBXFileReference; lastKnownFileType = text.plist.xml; path = Info.plist; sourceTree = "<group>"; };
/* End PBXFileReference section */

/* Begin PBXFrameworksBuildPhase section */
		D975EB62231B09860069C838 /* Frameworks */ = {
			isa = PBXFrameworksBuildPhase;
			buildActionMask = 2147483647;
			files = (
			);
			runOnlyForDeploymentPostprocessing = 0;
		};
/* End PBXFrameworksBuildPhase section */

/* Begin PBXGroup section */
		D975EB5C231B09860069C838 = {
			isa = PBXGroup;
			children = (
				D975EB67231B09860069C838 /* FoodSelector */,
				D975EB66231B09860069C838 /* Products */,
			);
			sourceTree = "<group>";
		};
		D975EB66231B09860069C838 /* Products */ = {
			isa = PBXGroup;
			children = (
				D975EB65231B09860069C838 /* FoodSelector.app */,
			);
			name = Products;
			sourceTree = "<group>";
		};
		D975EB67231B09860069C838 /* FoodSelector */ = {
			isa = PBXGroup;
			children = (
				D975EB68231B09860069C838 /* AppDelegate.swift */,
				D975EB6A231B09860069C838 /* RootViewController.swift */,
				D975EB6C231B09860069C838 /* DataViewController.swift */,
				D975EB6E231B09860069C838 /* ModelController.swift */,
				D975EB70231B09860069C838 /* Main.storyboard */,
				D975EB73231B09870069C838 /* Assets.xcassets */,
				D975EB75231B09870069C838 /* LaunchScreen.storyboard */,
				D975EB78231B09870069C838 /* Info.plist */,
			);
			path = FoodSelector;
			sourceTree = "<group>";
		};
/* End PBXGroup section */

/* Begin PBXNativeTarget section */
		D975EB64231B09860069C838 /* FoodSelector */ = {
			isa = PBXNativeTarget;
			buildConfigurationList = D975EB7B231B09870069C838 /* Build configuration list for PBXNativeTarget "FoodSelector" */;
			buildPhases = (
				D975EB61231B09860069C838 /* Sources */,
				D975EB62231B09860069C838 /* Frameworks */,
				D975EB63231B09860069C838 /* Resources */,
			);
			buildRules = (
			);
			dependencies = (
			);
			name = FoodSelector;
			productName = FoodSelector;
			productReference = D975EB65231B09860069C838 /* FoodSelector.app */;
			productType = "com.apple.product-type.application";
		};
/* End PBXNativeTarget section */

/* Begin PBXProject section */
		D975EB5D231B09860069C838 /* Project object */ = {
			isa = PBXProject;
			attributes = {
				LastSwiftUpdateCheck = 1030;
				LastUpgradeCheck = 1030;
				ORGANIZATIONNAME = "Philip Gross";
				TargetAttributes = {
					D975EB64231B09860069C838 = {
						CreatedOnToolsVersion = 10.3;
					};
				};
			};
			buildConfigurationList = D975EB60231B09860069C838 /* Build configuration list for PBXProject "FoodSelector" */;
			compatibilityVersion = "Xcode 9.3";
			developmentRegion = en;
			hasScannedForEncodings = 0;
			knownRegions = (
				en,
				Base,
			);
			mainGroup = D975EB5C231B09860069C838;
			productRefGroup = D975EB66231B09860069C838 /* Products */;
			projectDirPath = "";
			projectRoot = "";
			targets = (
				D975EB64231B09860069C838 /* FoodSelector */,
			);
		};
/* End PBXProject section */

/* Begin PBXResourcesBuildPhase section */
		D975EB63231B09860069C838 /* Resources */ = {
			isa = PBXResourcesBuildPhase;
			buildActionMask = 2147483647;
			files = (
				D975EB77231B09870069C838 /* LaunchScreen.storyboard in Resources */,
				D975EB74231B09870069C838 /* Assets.xcassets in Resources */,
				D975EB72231B09860069C838 /* Main.storyboard in Resources */,
			);
			runOnlyForDeploymentPostprocessing = 0;
		};
/* End PBXResourcesBuildPhase section */

/* Begin PBXSourcesBuildPhase section */
		D975EB61231B09860069C838 /* Sources */ = {
			isa = PBXSourcesBuildPhase;
			buildActionMask = 2147483647;
			files = (
				D975EB6B231B09860069C838 /* RootViewController.swift in Sources */,
				D975EB6F231B09860069C838 /* ModelController.swift in Sources */,
				D975EB6D231B09860069C838 /* DataViewController.swift in Sources */,
				D975EB69231B09860069C838 /* AppDelegate.swift in Sources */,
			);
			runOnlyForDeploymentPostprocessing = 0;
		};
/* End PBXSourcesBuildPhase section */

/* Begin PBXVariantGroup section */
		D975EB70231B09860069C838 /* Main.storyboard */ = {
			isa = PBXVariantGroup;
			children = (
				D975EB71231B09860069C838 /* Base */,
			);
			name = Main.storyboard;
			sourceTree = "<group>";
		};
		D975EB75231B09870069C838 /* LaunchScreen.storyboard */ = {
			isa = PBXVariantGroup;
			children = (
				D975EB76231B09870069C838 /* Base */,
			);
			name = LaunchScreen.storyboard;
			sourceTree = "<group>";
		};
/* End PBXVariantGroup section */

/* Begin XCBuildConfiguration section */
		D975EB79231B09870069C838 /* Debug */ = {
			isa = XCBuildConfiguration;
			buildSettings = {
				ALWAYS_SEARCH_USER_PATHS = NO;
				CLANG_ANALYZER_NONNULL = YES;
				CLANG_ANALYZER_NUMBER_OBJECT_CONVERSION = YES_AGGRESSIVE;
				CLANG_CXX_LANGUAGE_STANDARD = "gnu++14";
				CLANG_CXX_LIBRARY = "libc++";
				CLANG_ENABLE_MODULES = YES;
				CLANG_ENABLE_OBJC_ARC = YES;
				CLANG_ENABLE_OBJC_WEAK = YES;
				CLANG_WARN_BLOCK_CAPTURE_AUTORELEASING = YES;
				CLANG_WARN_BOOL_CONVERSION = YES;
				CLANG_WARN_COMMA = YES;
				CLANG_WARN_CONSTANT_CONVERSION = YES;
				CLANG_WARN_DEPRECATED_OBJC_IMPLEMENTATIONS = YES;
				CLANG_WARN_DIRECT_OBJC_ISA_USAGE = YES_ERROR;
				CLANG_WARN_DOCUMENTATION_COMMENTS = YES;
				CLANG_WARN_EMPTY_BODY = YES;
				CLANG_WARN_ENUM_CONVERSION = YES;
				CLANG_WARN_INFINITE_RECURSION = YES;
				CLANG_WARN_INT_CONVERSION = YES;
				CLANG_WARN_NON_LITERAL_NULL_CONVERSION = YES;
				CLANG_WARN_OBJC_IMPLICIT_RETAIN_SELF = YES;
				CLANG_WARN_OBJC_LITERAL_CONVERSION = YES;
				CLANG_WARN_OBJC_ROOT_CLASS = YES_ERROR;
				CLANG_WARN_RANGE_LOOP_ANALYSIS = YES;
				CLANG_WARN_STRICT_PROTOTYPES = YES;
				CLANG_WARN_SUSPICIOUS_MOVE = YES;
				CLANG_WARN_UNGUARDED_AVAILABILITY = YES_AGGRESSIVE;
				CLANG_WARN_UNREACHABLE_CODE = YES;
				CLANG_WARN__DUPLICATE_METHOD_MATCH = YES;
				CODE_SIGN_IDENTITY = "iPhone Developer";
				COPY_PHASE_STRIP = NO;
				DEBUG_INFORMATION_FORMAT = dwarf;
				ENABLE_STRICT_OBJC_MSGSEND = YES;
				ENABLE_TESTABILITY = YES;
				GCC_C_LANGUAGE_STANDARD = gnu11;
				GCC_DYNAMIC_NO_PIC = NO;
				GCC_NO_COMMON_BLOCKS = YES;
				GCC_OPTIMIZATION_LEVEL = 0;
				GCC_PREPROCESSOR_DEFINITIONS = (
					"DEBUG=1",
					"$(inherited)",
				);
				GCC_WARN_64_TO_32_BIT_CONVERSION = YES;
				GCC_WARN_ABOUT_RETURN_TYPE = YES_ERROR;
				GCC_WARN_UNDECLARED_SELECTOR = YES;
				GCC_WARN_UNINITIALIZED_AUTOS = YES_AGGRESSIVE;
				GCC_WARN_UNUSED_FUNCTION = YES;
				GCC_WARN_UNUSED_VARIABLE = YES;
				IPHONEOS_DEPLOYMENT_TARGET = 12.4;
				MTL_ENABLE_DEBUG_INFO = INCLUDE_SOURCE;
				MTL_FAST_MATH = YES;
				ONLY_ACTIVE_ARCH = YES;
				SDKROOT = iphoneos;
				SWIFT_ACTIVE_COMPILATION_CONDITIONS = DEBUG;
				SWIFT_OPTIMIZATION_LEVEL = "-Onone";
			};
			name = Debug;
		};
		D975EB7A231B09870069C838 /* Release */ = {
			isa = XCBuildConfiguration;
			buildSettings = {
				ALWAYS_SEARCH_USER_PATHS = NO;
				CLANG_ANALYZER_NONNULL = YES;
				CLANG_ANALYZER_NUMBER_OBJECT_CONVERSION = YES_AGGRESSIVE;
				CLANG_CXX_LANGUAGE_STANDARD = "gnu++14";
				CLANG_CXX_LIBRARY = "libc++";
				CLANG_ENABLE_MODULES = YES;
				CLANG_ENABLE_OBJC_ARC = YES;
				CLANG_ENABLE_OBJC_WEAK = YES;
				CLANG_WARN_BLOCK_CAPTURE_AUTORELEASING = YES;
				CLANG_WARN_BOOL_CONVERSION = YES;
				CLANG_WARN_COMMA = YES;
				CLANG_WARN_CONSTANT_CONVERSION = YES;
				CLANG_WARN_DEPRECATED_OBJC_IMPLEMENTATIONS = YES;
				CLANG_WARN_DIRECT_OBJC_ISA_USAGE = YES_ERROR;
				CLANG_WARN_DOCUMENTATION_COMMENTS = YES;
				CLANG_WARN_EMPTY_BODY = YES;
				CLANG_WARN_ENUM_CONVERSION = YES;
				CLANG_WARN_INFINITE_RECURSION = YES;
				CLANG_WARN_INT_CONVERSION = YES;
				CLANG_WARN_NON_LITERAL_NULL_CONVERSION = YES;
				CLANG_WARN_OBJC_IMPLICIT_RETAIN_SELF = YES;
				CLANG_WARN_OBJC_LITERAL_CONVERSION = YES;
				CLANG_WARN_OBJC_ROOT_CLASS = YES_ERROR;
				CLANG_WARN_RANGE_LOOP_ANALYSIS = YES;
				CLANG_WARN_STRICT_PROTOTYPES = YES;
				CLANG_WARN_SUSPICIOUS_MOVE = YES;
				CLANG_WARN_UNGUARDED_AVAILABILITY = YES_AGGRESSIVE;
				CLANG_WARN_UNREACHABLE_CODE = YES;
				CLANG_WARN__DUPLICATE_METHOD_MATCH = YES;
				CODE_SIGN_IDENTITY = "iPhone Developer";
				COPY_PHASE_STRIP = NO;
				DEBUG_INFORMATION_FORMAT = "dwarf-with-dsym";
				ENABLE_NS_ASSERTIONS = NO;
				ENABLE_STRICT_OBJC_MSGSEND = YES;
				GCC_C_LANGUAGE_STANDARD = gnu11;
				GCC_NO_COMMON_BLOCKS = YES;
				GCC_WARN_64_TO_32_BIT_CONVERSION = YES;
				GCC_WARN_ABOUT_RETURN_TYPE = YES_ERROR;
				GCC_WARN_UNDECLARED_SELECTOR = YES;
				GCC_WARN_UNINITIALIZED_AUTOS = YES_AGGRESSIVE;
				GCC_WARN_UNUSED_FUNCTION = YES;
				GCC_WARN_UNUSED_VARIABLE = YES;
				IPHONEOS_DEPLOYMENT_TARGET = 12.4;
				MTL_ENABLE_DEBUG_INFO = NO;
				MTL_FAST_MATH = YES;
				SDKROOT = iphoneos;
				SWIFT_COMPILATION_MODE = wholemodule;
				SWIFT_OPTIMIZATION_LEVEL = "-O";
				VALIDATE_PRODUCT = YES;
			};
			name = Release;
		};
		D975EB7C231B09870069C838 /* Debug */ = {
			isa = XCBuildConfiguration;
			buildSettings = {
				ASSETCATALOG_COMPILER_APPICON_NAME = AppIcon;
				CODE_SIGN_STYLE = Automatic;
				DEVELOPMENT_TEAM = A44VX47B87;
				INFOPLIST_FILE = FoodSelector/Info.plist;
				LD_RUNPATH_SEARCH_PATHS = (
					"$(inherited)",
					"@executable_path/Frameworks",
				);
				PRODUCT_BUNDLE_IDENTIFIER = "psg35-yahoo.com.FoodSelector";
				PRODUCT_NAME = "$(TARGET_NAME)";
				SWIFT_VERSION = 5.0;
				TARGETED_DEVICE_FAMILY = "1,2";
			};
			name = Debug;
		};
		D975EB7D231B09870069C838 /* Release */ = {
			isa = XCBuildConfiguration;
			buildSettings = {
				ASSETCATALOG_COMPILER_APPICON_NAME = AppIcon;
				CODE_SIGN_STYLE = Automatic;
				DEVELOPMENT_TEAM = A44VX47B87;
				INFOPLIST_FILE = FoodSelector/Info.plist;
				LD_RUNPATH_SEARCH_PATHS = (
					"$(inherited)",
					"@executable_path/Frameworks",
				);
				PRODUCT_BUNDLE_IDENTIFIER = "psg35-yahoo.com.FoodSelector";
				PRODUCT_NAME = "$(TARGET_NAME)";
				SWIFT_VERSION = 5.0;
				TARGETED_DEVICE_FAMILY = "1,2";
			};
			name = Release;
		};
/* End XCBuildConfiguration section */

/* Begin XCConfigurationList section */
		D975EB60231B09860069C838 /* Build configuration list for PBXProject "FoodSelector" */ = {
			isa = XCConfigurationList;
			buildConfigurations = (
				D975EB79231B09870069C838 /* Debug */,
				D975EB7A231B09870069C838 /* Release */,
			);
			defaultConfigurationIsVisible = 0;
			defaultConfigurationName = Release;
		};
		D975EB7B231B09870069C838 /* Build configuration list for PBXNativeTarget "FoodSelector" */ = {
			isa = XCConfigurationList;
			buildConfigurations = (
				D975EB7C231B09870069C838 /* Debug */,
				D975EB7D231B09870069C838 /* Release */,
			);
			defaultConfigurationIsVisible = 0;
			defaultConfigurationName = Release;
		};
/* End XCConfigurationList section */
	};
	rootObject = D975EB5D231B09860069C838 /* Project object */;
}
