// !$*UTF8*$!
{
	archiveVersion = 1;
	classes = {
	};
	objectVersion = 50;
	objects = {

/* Begin PBXBuildFile section */
		D97F9B362591457600EFAF39 /* data.swift in Sources */ = {isa = PBXBuildFile; fileRef = D97F9B352591457600EFAF39 /* data.swift */; };
		D97F9B3B2591460600EFAF39 /* phoneLight.swift in Sources */ = {isa = PBXBuildFile; fileRef = D97F9B3A2591460600EFAF39 /* phoneLight.swift */; };
		D97F9B44259196D400EFAF39 /* userData.swift in Sources */ = {isa = PBXBuildFile; fileRef = D97F9B43259196D400EFAF39 /* userData.swift */; };
		D9C057962591149F00A6E43A /* PhoneLightApp.swift in Sources */ = {isa = PBXBuildFile; fileRef = D9C057952591149F00A6E43A /* PhoneLightApp.swift */; };
		D9C057982591149F00A6E43A /* ContentView.swift in Sources */ = {isa = PBXBuildFile; fileRef = D9C057972591149F00A6E43A /* ContentView.swift */; };
		D9C0579A259114A000A6E43A /* Assets.xcassets in Resources */ = {isa = PBXBuildFile; fileRef = D9C05799259114A000A6E43A /* Assets.xcassets */; };
		D9C0579D259114A000A6E43A /* Preview Assets.xcassets in Resources */ = {isa = PBXBuildFile; fileRef = D9C0579C259114A000A6E43A /* Preview Assets.xcassets */; };
		D9C057A8259114A000A6E43A /* PhoneLightTests.swift in Sources */ = {isa = PBXBuildFile; fileRef = D9C057A7259114A000A6E43A /* PhoneLightTests.swift */; };
		D9C057B3259114A000A6E43A /* PhoneLightUITests.swift in Sources */ = {isa = PBXBuildFile; fileRef = D9C057B2259114A000A6E43A /* PhoneLightUITests.swift */; };
		D9C057C42591151900A6E43A /* PhoneLightRow.swift in Sources */ = {isa = PBXBuildFile; fileRef = D9C057C32591151900A6E43A /* PhoneLightRow.swift */; };
/* End PBXBuildFile section */

/* Begin PBXContainerItemProxy section */
		D9C057A4259114A000A6E43A /* PBXContainerItemProxy */ = {
			isa = PBXContainerItemProxy;
			containerPortal = D9C0578A2591149F00A6E43A /* Project object */;
			proxyType = 1;
			remoteGlobalIDString = D9C057912591149F00A6E43A;
			remoteInfo = PhoneLight;
		};
		D9C057AF259114A000A6E43A /* PBXContainerItemProxy */ = {
			isa = PBXContainerItemProxy;
			containerPortal = D9C0578A2591149F00A6E43A /* Project object */;
			proxyType = 1;
			remoteGlobalIDString = D9C057912591149F00A6E43A;
			remoteInfo = PhoneLight;
		};
/* End PBXContainerItemProxy section */

/* Begin PBXFileReference section */
		D97F9B352591457600EFAF39 /* data.swift */ = {isa = PBXFileReference; lastKnownFileType = sourcecode.swift; path = data.swift; sourceTree = "<group>"; };
		D97F9B3A2591460600EFAF39 /* phoneLight.swift */ = {isa = PBXFileReference; lastKnownFileType = sourcecode.swift; path = phoneLight.swift; sourceTree = "<group>"; };
		D97F9B43259196D400EFAF39 /* userData.swift */ = {isa = PBXFileReference; lastKnownFileType = sourcecode.swift; path = userData.swift; sourceTree = "<group>"; };
		D9C057922591149F00A6E43A /* PhoneLight.app */ = {isa = PBXFileReference; explicitFileType = wrapper.application; includeInIndex = 0; path = PhoneLight.app; sourceTree = BUILT_PRODUCTS_DIR; };
		D9C057952591149F00A6E43A /* PhoneLightApp.swift */ = {isa = PBXFileReference; lastKnownFileType = sourcecode.swift; path = PhoneLightApp.swift; sourceTree = "<group>"; };
		D9C057972591149F00A6E43A /* ContentView.swift */ = {isa = PBXFileReference; lastKnownFileType = sourcecode.swift; path = ContentView.swift; sourceTree = "<group>"; };
		D9C05799259114A000A6E43A /* Assets.xcassets */ = {isa = PBXFileReference; lastKnownFileType = folder.assetcatalog; path = Assets.xcassets; sourceTree = "<group>"; };
		D9C0579C259114A000A6E43A /* Preview Assets.xcassets */ = {isa = PBXFileReference; lastKnownFileType = folder.assetcatalog; path = "Preview Assets.xcassets"; sourceTree = "<group>"; };
		D9C0579E259114A000A6E43A /* Info.plist */ = {isa = PBXFileReference; lastKnownFileType = text.plist.xml; path = Info.plist; sourceTree = "<group>"; };
		D9C057A3259114A000A6E43A /* PhoneLightTests.xctest */ = {isa = PBXFileReference; explicitFileType = wrapper.cfbundle; includeInIndex = 0; path = PhoneLightTests.xctest; sourceTree = BUILT_PRODUCTS_DIR; };
		D9C057A7259114A000A6E43A /* PhoneLightTests.swift */ = {isa = PBXFileReference; lastKnownFileType = sourcecode.swift; path = PhoneLightTests.swift; sourceTree = "<group>"; };
		D9C057A9259114A000A6E43A /* Info.plist */ = {isa = PBXFileReference; lastKnownFileType = text.plist.xml; path = Info.plist; sourceTree = "<group>"; };
		D9C057AE259114A000A6E43A /* PhoneLightUITests.xctest */ = {isa = PBXFileReference; explicitFileType = wrapper.cfbundle; includeInIndex = 0; path = PhoneLightUITests.xctest; sourceTree = BUILT_PRODUCTS_DIR; };
		D9C057B2259114A000A6E43A /* PhoneLightUITests.swift */ = {isa = PBXFileReference; lastKnownFileType = sourcecode.swift; path = PhoneLightUITests.swift; sourceTree = "<group>"; };
		D9C057B4259114A000A6E43A /* Info.plist */ = {isa = PBXFileReference; lastKnownFileType = text.plist.xml; path = Info.plist; sourceTree = "<group>"; };
		D9C057C32591151900A6E43A /* PhoneLightRow.swift */ = {isa = PBXFileReference; lastKnownFileType = sourcecode.swift; path = PhoneLightRow.swift; sourceTree = "<group>"; };
/* End PBXFileReference section */

/* Begin PBXFrameworksBuildPhase section */
		D9C0578F2591149F00A6E43A /* Frameworks */ = {
			isa = PBXFrameworksBuildPhase;
			buildActionMask = 2147483647;
			files = (
			);
			runOnlyForDeploymentPostprocessing = 0;
		};
		D9C057A0259114A000A6E43A /* Frameworks */ = {
			isa = PBXFrameworksBuildPhase;
			buildActionMask = 2147483647;
			files = (
			);
			runOnlyForDeploymentPostprocessing = 0;
		};
		D9C057AB259114A000A6E43A /* Frameworks */ = {
			isa = PBXFrameworksBuildPhase;
			buildActionMask = 2147483647;
			files = (
			);
			runOnlyForDeploymentPostprocessing = 0;
		};
/* End PBXFrameworksBuildPhase section */

/* Begin PBXGroup section */
		D97F9B3F2591473C00EFAF39 /* Data */ = {
			isa = PBXGroup;
			children = (
				D97F9B352591457600EFAF39 /* data.swift */,
				D97F9B3A2591460600EFAF39 /* phoneLight.swift */,
				D97F9B43259196D400EFAF39 /* userData.swift */,
			);
			path = Data;
			sourceTree = "<group>";
		};
		D9C057892591149F00A6E43A = {
			isa = PBXGroup;
			children = (
				D9C057942591149F00A6E43A /* PhoneLight */,
				D9C057A6259114A000A6E43A /* PhoneLightTests */,
				D9C057B1259114A000A6E43A /* PhoneLightUITests */,
				D9C057932591149F00A6E43A /* Products */,
			);
			sourceTree = "<group>";
		};
		D9C057932591149F00A6E43A /* Products */ = {
			isa = PBXGroup;
			children = (
				D9C057922591149F00A6E43A /* PhoneLight.app */,
				D9C057A3259114A000A6E43A /* PhoneLightTests.xctest */,
				D9C057AE259114A000A6E43A /* PhoneLightUITests.xctest */,
			);
			name = Products;
			sourceTree = "<group>";
		};
		D9C057942591149F00A6E43A /* PhoneLight */ = {
			isa = PBXGroup;
			children = (
				D97F9B3F2591473C00EFAF39 /* Data */,
				D9C057952591149F00A6E43A /* PhoneLightApp.swift */,
				D9C057972591149F00A6E43A /* ContentView.swift */,
				D9C057C82591152700A6E43A /* SupportingView */,
				D9C05799259114A000A6E43A /* Assets.xcassets */,
				D9C0579E259114A000A6E43A /* Info.plist */,
				D9C0579B259114A000A6E43A /* Preview Content */,
			);
			path = PhoneLight;
			sourceTree = "<group>";
		};
		D9C0579B259114A000A6E43A /* Preview Content */ = {
			isa = PBXGroup;
			children = (
				D9C0579C259114A000A6E43A /* Preview Assets.xcassets */,
			);
			path = "Preview Content";
			sourceTree = "<group>";
		};
		D9C057A6259114A000A6E43A /* PhoneLightTests */ = {
			isa = PBXGroup;
			children = (
				D9C057A7259114A000A6E43A /* PhoneLightTests.swift */,
				D9C057A9259114A000A6E43A /* Info.plist */,
			);
			path = PhoneLightTests;
			sourceTree = "<group>";
		};
		D9C057B1259114A000A6E43A /* PhoneLightUITests */ = {
			isa = PBXGroup;
			children = (
				D9C057B2259114A000A6E43A /* PhoneLightUITests.swift */,
				D9C057B4259114A000A6E43A /* Info.plist */,
			);
			path = PhoneLightUITests;
			sourceTree = "<group>";
		};
		D9C057C82591152700A6E43A /* SupportingView */ = {
			isa = PBXGroup;
			children = (
				D9C057C32591151900A6E43A /* PhoneLightRow.swift */,
			);
			path = SupportingView;
			sourceTree = "<group>";
		};
/* End PBXGroup section */

/* Begin PBXNativeTarget section */
		D9C057912591149F00A6E43A /* PhoneLight */ = {
			isa = PBXNativeTarget;
			buildConfigurationList = D9C057B7259114A000A6E43A /* Build configuration list for PBXNativeTarget "PhoneLight" */;
			buildPhases = (
				D9C0578E2591149F00A6E43A /* Sources */,
				D9C0578F2591149F00A6E43A /* Frameworks */,
				D9C057902591149F00A6E43A /* Resources */,
			);
			buildRules = (
			);
			dependencies = (
			);
			name = PhoneLight;
			productName = PhoneLight;
			productReference = D9C057922591149F00A6E43A /* PhoneLight.app */;
			productType = "com.apple.product-type.application";
		};
		D9C057A2259114A000A6E43A /* PhoneLightTests */ = {
			isa = PBXNativeTarget;
			buildConfigurationList = D9C057BA259114A000A6E43A /* Build configuration list for PBXNativeTarget "PhoneLightTests" */;
			buildPhases = (
				D9C0579F259114A000A6E43A /* Sources */,
				D9C057A0259114A000A6E43A /* Frameworks */,
				D9C057A1259114A000A6E43A /* Resources */,
			);
			buildRules = (
			);
			dependencies = (
				D9C057A5259114A000A6E43A /* PBXTargetDependency */,
			);
			name = PhoneLightTests;
			productName = PhoneLightTests;
			productReference = D9C057A3259114A000A6E43A /* PhoneLightTests.xctest */;
			productType = "com.apple.product-type.bundle.unit-test";
		};
		D9C057AD259114A000A6E43A /* PhoneLightUITests */ = {
			isa = PBXNativeTarget;
			buildConfigurationList = D9C057BD259114A000A6E43A /* Build configuration list for PBXNativeTarget "PhoneLightUITests" */;
			buildPhases = (
				D9C057AA259114A000A6E43A /* Sources */,
				D9C057AB259114A000A6E43A /* Frameworks */,
				D9C057AC259114A000A6E43A /* Resources */,
			);
			buildRules = (
			);
			dependencies = (
				D9C057B0259114A000A6E43A /* PBXTargetDependency */,
			);
			name = PhoneLightUITests;
			productName = PhoneLightUITests;
			productReference = D9C057AE259114A000A6E43A /* PhoneLightUITests.xctest */;
			productType = "com.apple.product-type.bundle.ui-testing";
		};
/* End PBXNativeTarget section */

/* Begin PBXProject section */
		D9C0578A2591149F00A6E43A /* Project object */ = {
			isa = PBXProject;
			attributes = {
				LastSwiftUpdateCheck = 1230;
				LastUpgradeCheck = 1230;
				TargetAttributes = {
					D9C057912591149F00A6E43A = {
						CreatedOnToolsVersion = 12.3;
					};
					D9C057A2259114A000A6E43A = {
						CreatedOnToolsVersion = 12.3;
						TestTargetID = D9C057912591149F00A6E43A;
					};
					D9C057AD259114A000A6E43A = {
						CreatedOnToolsVersion = 12.3;
						TestTargetID = D9C057912591149F00A6E43A;
					};
				};
			};
			buildConfigurationList = D9C0578D2591149F00A6E43A /* Build configuration list for PBXProject "PhoneLight" */;
			compatibilityVersion = "Xcode 9.3";
			developmentRegion = en;
			hasScannedForEncodings = 0;
			knownRegions = (
				en,
				Base,
			);
			mainGroup = D9C057892591149F00A6E43A;
			productRefGroup = D9C057932591149F00A6E43A /* Products */;
			projectDirPath = "";
			projectRoot = "";
			targets = (
				D9C057912591149F00A6E43A /* PhoneLight */,
				D9C057A2259114A000A6E43A /* PhoneLightTests */,
				D9C057AD259114A000A6E43A /* PhoneLightUITests */,
			);
		};
/* End PBXProject section */

/* Begin PBXResourcesBuildPhase section */
		D9C057902591149F00A6E43A /* Resources */ = {
			isa = PBXResourcesBuildPhase;
			buildActionMask = 2147483647;
			files = (
				D9C0579D259114A000A6E43A /* Preview Assets.xcassets in Resources */,
				D9C0579A259114A000A6E43A /* Assets.xcassets in Resources */,
			);
			runOnlyForDeploymentPostprocessing = 0;
		};
		D9C057A1259114A000A6E43A /* Resources */ = {
			isa = PBXResourcesBuildPhase;
			buildActionMask = 2147483647;
			files = (
			);
			runOnlyForDeploymentPostprocessing = 0;
		};
		D9C057AC259114A000A6E43A /* Resources */ = {
			isa = PBXResourcesBuildPhase;
			buildActionMask = 2147483647;
			files = (
			);
			runOnlyForDeploymentPostprocessing = 0;
		};
/* End PBXResourcesBuildPhase section */

/* Begin PBXSourcesBuildPhase section */
		D9C0578E2591149F00A6E43A /* Sources */ = {
			isa = PBXSourcesBuildPhase;
			buildActionMask = 2147483647;
			files = (
				D9C057C42591151900A6E43A /* PhoneLightRow.swift in Sources */,
				D9C057982591149F00A6E43A /* ContentView.swift in Sources */,
				D97F9B44259196D400EFAF39 /* userData.swift in Sources */,
				D9C057962591149F00A6E43A /* PhoneLightApp.swift in Sources */,
				D97F9B3B2591460600EFAF39 /* phoneLight.swift in Sources */,
				D97F9B362591457600EFAF39 /* data.swift in Sources */,
			);
			runOnlyForDeploymentPostprocessing = 0;
		};
		D9C0579F259114A000A6E43A /* Sources */ = {
			isa = PBXSourcesBuildPhase;
			buildActionMask = 2147483647;
			files = (
				D9C057A8259114A000A6E43A /* PhoneLightTests.swift in Sources */,
			);
			runOnlyForDeploymentPostprocessing = 0;
		};
		D9C057AA259114A000A6E43A /* Sources */ = {
			isa = PBXSourcesBuildPhase;
			buildActionMask = 2147483647;
			files = (
				D9C057B3259114A000A6E43A /* PhoneLightUITests.swift in Sources */,
			);
			runOnlyForDeploymentPostprocessing = 0;
		};
/* End PBXSourcesBuildPhase section */

/* Begin PBXTargetDependency section */
		D9C057A5259114A000A6E43A /* PBXTargetDependency */ = {
			isa = PBXTargetDependency;
			target = D9C057912591149F00A6E43A /* PhoneLight */;
			targetProxy = D9C057A4259114A000A6E43A /* PBXContainerItemProxy */;
		};
		D9C057B0259114A000A6E43A /* PBXTargetDependency */ = {
			isa = PBXTargetDependency;
			target = D9C057912591149F00A6E43A /* PhoneLight */;
			targetProxy = D9C057AF259114A000A6E43A /* PBXContainerItemProxy */;
		};
/* End PBXTargetDependency section */

/* Begin XCBuildConfiguration section */
		D9C057B5259114A000A6E43A /* Debug */ = {
			isa = XCBuildConfiguration;
			buildSettings = {
				ALWAYS_SEARCH_USER_PATHS = NO;
				CLANG_ANALYZER_NONNULL = YES;
				CLANG_ANALYZER_NUMBER_OBJECT_CONVERSION = YES_AGGRESSIVE;
				CLANG_CXX_LANGUAGE_STANDARD = "gnu++14";
				CLANG_CXX_LIBRARY = "libc++";
				CLANG_ENABLE_MODULES = YES;
				CLANG_ENABLE_OBJC_ARC = YES;
				CLANG_ENABLE_OBJC_WEAK = YES;
				CLANG_WARN_BLOCK_CAPTURE_AUTORELEASING = YES;
				CLANG_WARN_BOOL_CONVERSION = YES;
				CLANG_WARN_COMMA = YES;
				CLANG_WARN_CONSTANT_CONVERSION = YES;
				CLANG_WARN_DEPRECATED_OBJC_IMPLEMENTATIONS = YES;
				CLANG_WARN_DIRECT_OBJC_ISA_USAGE = YES_ERROR;
				CLANG_WARN_DOCUMENTATION_COMMENTS = YES;
				CLANG_WARN_EMPTY_BODY = YES;
				CLANG_WARN_ENUM_CONVERSION = YES;
				CLANG_WARN_INFINITE_RECURSION = YES;
				CLANG_WARN_INT_CONVERSION = YES;
				CLANG_WARN_NON_LITERAL_NULL_CONVERSION = YES;
				CLANG_WARN_OBJC_IMPLICIT_RETAIN_SELF = YES;
				CLANG_WARN_OBJC_LITERAL_CONVERSION = YES;
				CLANG_WARN_OBJC_ROOT_CLASS = YES_ERROR;
				CLANG_WARN_QUOTED_INCLUDE_IN_FRAMEWORK_HEADER = YES;
				CLANG_WARN_RANGE_LOOP_ANALYSIS = YES;
				CLANG_WARN_STRICT_PROTOTYPES = YES;
				CLANG_WARN_SUSPICIOUS_MOVE = YES;
				CLANG_WARN_UNGUARDED_AVAILABILITY = YES_AGGRESSIVE;
				CLANG_WARN_UNREACHABLE_CODE = YES;
				CLANG_WARN__DUPLICATE_METHOD_MATCH = YES;
				COPY_PHASE_STRIP = NO;
				DEBUG_INFORMATION_FORMAT = dwarf;
				ENABLE_STRICT_OBJC_MSGSEND = YES;
				ENABLE_TESTABILITY = YES;
				GCC_C_LANGUAGE_STANDARD = gnu11;
				GCC_DYNAMIC_NO_PIC = NO;
				GCC_NO_COMMON_BLOCKS = YES;
				GCC_OPTIMIZATION_LEVEL = 0;
				GCC_PREPROCESSOR_DEFINITIONS = (
					"DEBUG=1",
					"$(inherited)",
				);
				GCC_WARN_64_TO_32_BIT_CONVERSION = YES;
				GCC_WARN_ABOUT_RETURN_TYPE = YES_ERROR;
				GCC_WARN_UNDECLARED_SELECTOR = YES;
				GCC_WARN_UNINITIALIZED_AUTOS = YES_AGGRESSIVE;
				GCC_WARN_UNUSED_FUNCTION = YES;
				GCC_WARN_UNUSED_VARIABLE = YES;
				IPHONEOS_DEPLOYMENT_TARGET = 14.3;
				MTL_ENABLE_DEBUG_INFO = INCLUDE_SOURCE;
				MTL_FAST_MATH = YES;
				ONLY_ACTIVE_ARCH = YES;
				SDKROOT = iphoneos;
				SWIFT_ACTIVE_COMPILATION_CONDITIONS = DEBUG;
				SWIFT_OPTIMIZATION_LEVEL = "-Onone";
			};
			name = Debug;
		};
		D9C057B6259114A000A6E43A /* Release */ = {
			isa = XCBuildConfiguration;
			buildSettings = {
				ALWAYS_SEARCH_USER_PATHS = NO;
				CLANG_ANALYZER_NONNULL = YES;
				CLANG_ANALYZER_NUMBER_OBJECT_CONVERSION = YES_AGGRESSIVE;
				CLANG_CXX_LANGUAGE_STANDARD = "gnu++14";
				CLANG_CXX_LIBRARY = "libc++";
				CLANG_ENABLE_MODULES = YES;
				CLANG_ENABLE_OBJC_ARC = YES;
				CLANG_ENABLE_OBJC_WEAK = YES;
				CLANG_WARN_BLOCK_CAPTURE_AUTORELEASING = YES;
				CLANG_WARN_BOOL_CONVERSION = YES;
				CLANG_WARN_COMMA = YES;
				CLANG_WARN_CONSTANT_CONVERSION = YES;
				CLANG_WARN_DEPRECATED_OBJC_IMPLEMENTATIONS = YES;
				CLANG_WARN_DIRECT_OBJC_ISA_USAGE = YES_ERROR;
				CLANG_WARN_DOCUMENTATION_COMMENTS = YES;
				CLANG_WARN_EMPTY_BODY = YES;
				CLANG_WARN_ENUM_CONVERSION = YES;
				CLANG_WARN_INFINITE_RECURSION = YES;
				CLANG_WARN_INT_CONVERSION = YES;
				CLANG_WARN_NON_LITERAL_NULL_CONVERSION = YES;
				CLANG_WARN_OBJC_IMPLICIT_RETAIN_SELF = YES;
				CLANG_WARN_OBJC_LITERAL_CONVERSION = YES;
				CLANG_WARN_OBJC_ROOT_CLASS = YES_ERROR;
				CLANG_WARN_QUOTED_INCLUDE_IN_FRAMEWORK_HEADER = YES;
				CLANG_WARN_RANGE_LOOP_ANALYSIS = YES;
				CLANG_WARN_STRICT_PROTOTYPES = YES;
				CLANG_WARN_SUSPICIOUS_MOVE = YES;
				CLANG_WARN_UNGUARDED_AVAILABILITY = YES_AGGRESSIVE;
				CLANG_WARN_UNREACHABLE_CODE = YES;
				CLANG_WARN__DUPLICATE_METHOD_MATCH = YES;
				COPY_PHASE_STRIP = NO;
				DEBUG_INFORMATION_FORMAT = "dwarf-with-dsym";
				ENABLE_NS_ASSERTIONS = NO;
				ENABLE_STRICT_OBJC_MSGSEND = YES;
				GCC_C_LANGUAGE_STANDARD = gnu11;
				GCC_NO_COMMON_BLOCKS = YES;
				GCC_WARN_64_TO_32_BIT_CONVERSION = YES;
				GCC_WARN_ABOUT_RETURN_TYPE = YES_ERROR;
				GCC_WARN_UNDECLARED_SELECTOR = YES;
				GCC_WARN_UNINITIALIZED_AUTOS = YES_AGGRESSIVE;
				GCC_WARN_UNUSED_FUNCTION = YES;
				GCC_WARN_UNUSED_VARIABLE = YES;
				IPHONEOS_DEPLOYMENT_TARGET = 14.3;
				MTL_ENABLE_DEBUG_INFO = NO;
				MTL_FAST_MATH = YES;
				SDKROOT = iphoneos;
				SWIFT_COMPILATION_MODE = wholemodule;
				SWIFT_OPTIMIZATION_LEVEL = "-O";
				VALIDATE_PRODUCT = YES;
			};
			name = Release;
		};
		D9C057B8259114A000A6E43A /* Debug */ = {
			isa = XCBuildConfiguration;
			buildSettings = {
				ASSETCATALOG_COMPILER_APPICON_NAME = AppIcon;
				ASSETCATALOG_COMPILER_GLOBAL_ACCENT_COLOR_NAME = AccentColor;
				CODE_SIGN_STYLE = Automatic;
				DEVELOPMENT_ASSET_PATHS = "\"PhoneLight/Preview Content\"";
				DEVELOPMENT_TEAM = A44VX47B87;
				ENABLE_PREVIEWS = YES;
				INFOPLIST_FILE = PhoneLight/Info.plist;
				IPHONEOS_DEPLOYMENT_TARGET = 14.0;
				LD_RUNPATH_SEARCH_PATHS = (
					"$(inherited)",
					"@executable_path/Frameworks",
				);
				PRODUCT_BUNDLE_IDENTIFIER = "psg35-icloud.com.PhoneLight";
				PRODUCT_NAME = "$(TARGET_NAME)";
				SWIFT_VERSION = 5.0;
				TARGETED_DEVICE_FAMILY = "1,2";
			};
			name = Debug;
		};
		D9C057B9259114A000A6E43A /* Release */ = {
			isa = XCBuildConfiguration;
			buildSettings = {
				ASSETCATALOG_COMPILER_APPICON_NAME = AppIcon;
				ASSETCATALOG_COMPILER_GLOBAL_ACCENT_COLOR_NAME = AccentColor;
				CODE_SIGN_STYLE = Automatic;
				DEVELOPMENT_ASSET_PATHS = "\"PhoneLight/Preview Content\"";
				DEVELOPMENT_TEAM = A44VX47B87;
				ENABLE_PREVIEWS = YES;
				INFOPLIST_FILE = PhoneLight/Info.plist;
				IPHONEOS_DEPLOYMENT_TARGET = 14.0;
				LD_RUNPATH_SEARCH_PATHS = (
					"$(inherited)",
					"@executable_path/Frameworks",
				);
				PRODUCT_BUNDLE_IDENTIFIER = "psg35-icloud.com.PhoneLight";
				PRODUCT_NAME = "$(TARGET_NAME)";
				SWIFT_VERSION = 5.0;
				TARGETED_DEVICE_FAMILY = "1,2";
			};
			name = Release;
		};
		D9C057BB259114A000A6E43A /* Debug */ = {
			isa = XCBuildConfiguration;
			buildSettings = {
				ALWAYS_EMBED_SWIFT_STANDARD_LIBRARIES = YES;
				BUNDLE_LOADER = "$(TEST_HOST)";
				CODE_SIGN_STYLE = Automatic;
				DEVELOPMENT_TEAM = A44VX47B87;
				INFOPLIST_FILE = PhoneLightTests/Info.plist;
				IPHONEOS_DEPLOYMENT_TARGET = 14.0;
				LD_RUNPATH_SEARCH_PATHS = (
					"$(inherited)",
					"@executable_path/Frameworks",
					"@loader_path/Frameworks",
				);
				PRODUCT_BUNDLE_IDENTIFIER = "psg35-icloud.com.PhoneLightTests";
				PRODUCT_NAME = "$(TARGET_NAME)";
				SWIFT_VERSION = 5.0;
				TARGETED_DEVICE_FAMILY = "1,2";
				TEST_HOST = "$(BUILT_PRODUCTS_DIR)/PhoneLight.app/PhoneLight";
			};
			name = Debug;
		};
		D9C057BC259114A000A6E43A /* Release */ = {
			isa = XCBuildConfiguration;
			buildSettings = {
				ALWAYS_EMBED_SWIFT_STANDARD_LIBRARIES = YES;
				BUNDLE_LOADER = "$(TEST_HOST)";
				CODE_SIGN_STYLE = Automatic;
				DEVELOPMENT_TEAM = A44VX47B87;
				INFOPLIST_FILE = PhoneLightTests/Info.plist;
				IPHONEOS_DEPLOYMENT_TARGET = 14.0;
				LD_RUNPATH_SEARCH_PATHS = (
					"$(inherited)",
					"@executable_path/Frameworks",
					"@loader_path/Frameworks",
				);
				PRODUCT_BUNDLE_IDENTIFIER = "psg35-icloud.com.PhoneLightTests";
				PRODUCT_NAME = "$(TARGET_NAME)";
				SWIFT_VERSION = 5.0;
				TARGETED_DEVICE_FAMILY = "1,2";
				TEST_HOST = "$(BUILT_PRODUCTS_DIR)/PhoneLight.app/PhoneLight";
			};
			name = Release;
		};
		D9C057BE259114A000A6E43A /* Debug */ = {
			isa = XCBuildConfiguration;
			buildSettings = {
				ALWAYS_EMBED_SWIFT_STANDARD_LIBRARIES = YES;
				CODE_SIGN_STYLE = Automatic;
				DEVELOPMENT_TEAM = A44VX47B87;
				INFOPLIST_FILE = PhoneLightUITests/Info.plist;
				LD_RUNPATH_SEARCH_PATHS = (
					"$(inherited)",
					"@executable_path/Frameworks",
					"@loader_path/Frameworks",
				);
				PRODUCT_BUNDLE_IDENTIFIER = "psg35-icloud.com.PhoneLightUITests";
				PRODUCT_NAME = "$(TARGET_NAME)";
				SWIFT_VERSION = 5.0;
				TARGETED_DEVICE_FAMILY = "1,2";
				TEST_TARGET_NAME = PhoneLight;
			};
			name = Debug;
		};
		D9C057BF259114A000A6E43A /* Release */ = {
			isa = XCBuildConfiguration;
			buildSettings = {
				ALWAYS_EMBED_SWIFT_STANDARD_LIBRARIES = YES;
				CODE_SIGN_STYLE = Automatic;
				DEVELOPMENT_TEAM = A44VX47B87;
				INFOPLIST_FILE = PhoneLightUITests/Info.plist;
				LD_RUNPATH_SEARCH_PATHS = (
					"$(inherited)",
					"@executable_path/Frameworks",
					"@loader_path/Frameworks",
				);
				PRODUCT_BUNDLE_IDENTIFIER = "psg35-icloud.com.PhoneLightUITests";
				PRODUCT_NAME = "$(TARGET_NAME)";
				SWIFT_VERSION = 5.0;
				TARGETED_DEVICE_FAMILY = "1,2";
				TEST_TARGET_NAME = PhoneLight;
			};
			name = Release;
		};
/* End XCBuildConfiguration section */

/* Begin XCConfigurationList section */
		D9C0578D2591149F00A6E43A /* Build configuration list for PBXProject "PhoneLight" */ = {
			isa = XCConfigurationList;
			buildConfigurations = (
				D9C057B5259114A000A6E43A /* Debug */,
				D9C057B6259114A000A6E43A /* Release */,
			);
			defaultConfigurationIsVisible = 0;
			defaultConfigurationName = Release;
		};
		D9C057B7259114A000A6E43A /* Build configuration list for PBXNativeTarget "PhoneLight" */ = {
			isa = XCConfigurationList;
			buildConfigurations = (
				D9C057B8259114A000A6E43A /* Debug */,
				D9C057B9259114A000A6E43A /* Release */,
			);
			defaultConfigurationIsVisible = 0;
			defaultConfigurationName = Release;
		};
		D9C057BA259114A000A6E43A /* Build configuration list for PBXNativeTarget "PhoneLightTests" */ = {
			isa = XCConfigurationList;
			buildConfigurations = (
				D9C057BB259114A000A6E43A /* Debug */,
				D9C057BC259114A000A6E43A /* Release */,
			);
			defaultConfigurationIsVisible = 0;
			defaultConfigurationName = Release;
		};
		D9C057BD259114A000A6E43A /* Build configuration list for PBXNativeTarget "PhoneLightUITests" */ = {
			isa = XCConfigurationList;
			buildConfigurations = (
				D9C057BE259114A000A6E43A /* Debug */,
				D9C057BF259114A000A6E43A /* Release */,
			);
			defaultConfigurationIsVisible = 0;
			defaultConfigurationName = Release;
		};
/* End XCConfigurationList section */
	};
	rootObject = D9C0578A2591149F00A6E43A /* Project object */;
}
