// !$*UTF8*$!
{
	archiveVersion = 1;
	classes = {
	};
	objectVersion = 50;
	objects = {

/* Begin PBXBuildFile section */
		D9C057432590DEC300A6E43A /* WatchLight WatchKit App.app in Embed Watch Content */ = {isa = PBXBuildFile; fileRef = D9C057422590DEC300A6E43A /* WatchLight WatchKit App.app */; settings = {ATTRIBUTES = (RemoveHeadersOnCopy, ); }; };
		D9C057482590DEC300A6E43A /* Assets.xcassets in Resources */ = {isa = PBXBuildFile; fileRef = D9C057472590DEC300A6E43A /* Assets.xcassets */; };
		D9C0574F2590DEC300A6E43A /* WatchLight WatchKit Extension.appex in Embed App Extensions */ = {isa = PBXBuildFile; fileRef = D9C0574E2590DEC300A6E43A /* WatchLight WatchKit Extension.appex */; settings = {ATTRIBUTES = (RemoveHeadersOnCopy, ); }; };
		D9C057542590DEC300A6E43A /* WatchLightApp.swift in Sources */ = {isa = PBXBuildFile; fileRef = D9C057532590DEC300A6E43A /* WatchLightApp.swift */; };
		D9C057562590DEC300A6E43A /* ContentView.swift in Sources */ = {isa = PBXBuildFile; fileRef = D9C057552590DEC300A6E43A /* ContentView.swift */; };
		D9C057582590DEC300A6E43A /* NotificationController.swift in Sources */ = {isa = PBXBuildFile; fileRef = D9C057572590DEC300A6E43A /* NotificationController.swift */; };
		D9C0575A2590DEC300A6E43A /* NotificationView.swift in Sources */ = {isa = PBXBuildFile; fileRef = D9C057592590DEC300A6E43A /* NotificationView.swift */; };
		D9C0575C2590DEC300A6E43A /* ComplicationController.swift in Sources */ = {isa = PBXBuildFile; fileRef = D9C0575B2590DEC300A6E43A /* ComplicationController.swift */; };
		D9C0575E2590DEC400A6E43A /* Assets.xcassets in Resources */ = {isa = PBXBuildFile; fileRef = D9C0575D2590DEC400A6E43A /* Assets.xcassets */; };
		D9C057612590DEC400A6E43A /* Preview Assets.xcassets in Resources */ = {isa = PBXBuildFile; fileRef = D9C057602590DEC400A6E43A /* Preview Assets.xcassets */; };
/* End PBXBuildFile section */

/* Begin PBXContainerItemProxy section */
		D9C057442590DEC300A6E43A /* PBXContainerItemProxy */ = {
			isa = PBXContainerItemProxy;
			containerPortal = D9C057382590DEC200A6E43A /* Project object */;
			proxyType = 1;
			remoteGlobalIDString = D9C057412590DEC300A6E43A;
			remoteInfo = "WatchLight WatchKit App";
		};
		D9C057502590DEC300A6E43A /* PBXContainerItemProxy */ = {
			isa = PBXContainerItemProxy;
			containerPortal = D9C057382590DEC200A6E43A /* Project object */;
			proxyType = 1;
			remoteGlobalIDString = D9C0574D2590DEC300A6E43A;
			remoteInfo = "WatchLight WatchKit Extension";
		};
/* End PBXContainerItemProxy section */

/* Begin PBXCopyFilesBuildPhase section */
		D9C057692590DEC400A6E43A /* Embed App Extensions */ = {
			isa = PBXCopyFilesBuildPhase;
			buildActionMask = 2147483647;
			dstPath = "";
			dstSubfolderSpec = 13;
			files = (
				D9C0574F2590DEC300A6E43A /* WatchLight WatchKit Extension.appex in Embed App Extensions */,
			);
			name = "Embed App Extensions";
			runOnlyForDeploymentPostprocessing = 0;
		};
		D9C0576D2590DEC400A6E43A /* Embed Watch Content */ = {
			isa = PBXCopyFilesBuildPhase;
			buildActionMask = 2147483647;
			dstPath = "$(CONTENTS_FOLDER_PATH)/Watch";
			dstSubfolderSpec = 16;
			files = (
				D9C057432590DEC300A6E43A /* WatchLight WatchKit App.app in Embed Watch Content */,
			);
			name = "Embed Watch Content";
			runOnlyForDeploymentPostprocessing = 0;
		};
/* End PBXCopyFilesBuildPhase section */

/* Begin PBXFileReference section */
		D9C0573E2590DEC200A6E43A /* WatchLight.app */ = {isa = PBXFileReference; explicitFileType = wrapper.application; includeInIndex = 0; path = WatchLight.app; sourceTree = BUILT_PRODUCTS_DIR; };
		D9C057422590DEC300A6E43A /* WatchLight WatchKit App.app */ = {isa = PBXFileReference; explicitFileType = wrapper.application; includeInIndex = 0; path = "WatchLight WatchKit App.app"; sourceTree = BUILT_PRODUCTS_DIR; };
		D9C057472590DEC300A6E43A /* Assets.xcassets */ = {isa = PBXFileReference; lastKnownFileType = folder.assetcatalog; path = Assets.xcassets; sourceTree = "<group>"; };
		D9C057492590DEC300A6E43A /* Info.plist */ = {isa = PBXFileReference; lastKnownFileType = text.plist.xml; path = Info.plist; sourceTree = "<group>"; };
		D9C0574E2590DEC300A6E43A /* WatchLight WatchKit Extension.appex */ = {isa = PBXFileReference; explicitFileType = "wrapper.app-extension"; includeInIndex = 0; path = "WatchLight WatchKit Extension.appex"; sourceTree = BUILT_PRODUCTS_DIR; };
		D9C057532590DEC300A6E43A /* WatchLightApp.swift */ = {isa = PBXFileReference; lastKnownFileType = sourcecode.swift; path = WatchLightApp.swift; sourceTree = "<group>"; };
		D9C057552590DEC300A6E43A /* ContentView.swift */ = {isa = PBXFileReference; lastKnownFileType = sourcecode.swift; path = ContentView.swift; sourceTree = "<group>"; };
		D9C057572590DEC300A6E43A /* NotificationController.swift */ = {isa = PBXFileReference; lastKnownFileType = sourcecode.swift; path = NotificationController.swift; sourceTree = "<group>"; };
		D9C057592590DEC300A6E43A /* NotificationView.swift */ = {isa = PBXFileReference; lastKnownFileType = sourcecode.swift; path = NotificationView.swift; sourceTree = "<group>"; };
		D9C0575B2590DEC300A6E43A /* ComplicationController.swift */ = {isa = PBXFileReference; lastKnownFileType = sourcecode.swift; path = ComplicationController.swift; sourceTree = "<group>"; };
		D9C0575D2590DEC400A6E43A /* Assets.xcassets */ = {isa = PBXFileReference; lastKnownFileType = folder.assetcatalog; path = Assets.xcassets; sourceTree = "<group>"; };
		D9C057602590DEC400A6E43A /* Preview Assets.xcassets */ = {isa = PBXFileReference; lastKnownFileType = folder.assetcatalog; path = "Preview Assets.xcassets"; sourceTree = "<group>"; };
		D9C057622590DEC400A6E43A /* Info.plist */ = {isa = PBXFileReference; lastKnownFileType = text.plist.xml; path = Info.plist; sourceTree = "<group>"; };
		D9C057632590DEC400A6E43A /* PushNotificationPayload.apns */ = {isa = PBXFileReference; lastKnownFileType = text; path = PushNotificationPayload.apns; sourceTree = "<group>"; };
/* End PBXFileReference section */

/* Begin PBXFrameworksBuildPhase section */
		D9C0574B2590DEC300A6E43A /* Frameworks */ = {
			isa = PBXFrameworksBuildPhase;
			buildActionMask = 2147483647;
			files = (
			);
			runOnlyForDeploymentPostprocessing = 0;
		};
/* End PBXFrameworksBuildPhase section */

/* Begin PBXGroup section */
		D9C057372590DEC200A6E43A = {
			isa = PBXGroup;
			children = (
				D9C057462590DEC300A6E43A /* WatchLight WatchKit App */,
				D9C057522590DEC300A6E43A /* WatchLight WatchKit Extension */,
				D9C0573F2590DEC200A6E43A /* Products */,
			);
			sourceTree = "<group>";
		};
		D9C0573F2590DEC200A6E43A /* Products */ = {
			isa = PBXGroup;
			children = (
				D9C0573E2590DEC200A6E43A /* WatchLight.app */,
				D9C057422590DEC300A6E43A /* WatchLight WatchKit App.app */,
				D9C0574E2590DEC300A6E43A /* WatchLight WatchKit Extension.appex */,
			);
			name = Products;
			sourceTree = "<group>";
		};
		D9C057462590DEC300A6E43A /* WatchLight WatchKit App */ = {
			isa = PBXGroup;
			children = (
				D9C057472590DEC300A6E43A /* Assets.xcassets */,
				D9C057492590DEC300A6E43A /* Info.plist */,
			);
			path = "WatchLight WatchKit App";
			sourceTree = "<group>";
		};
		D9C057522590DEC300A6E43A /* WatchLight WatchKit Extension */ = {
			isa = PBXGroup;
			children = (
				D9C057532590DEC300A6E43A /* WatchLightApp.swift */,
				D9C057552590DEC300A6E43A /* ContentView.swift */,
				D9C057572590DEC300A6E43A /* NotificationController.swift */,
				D9C057592590DEC300A6E43A /* NotificationView.swift */,
				D9C0575B2590DEC300A6E43A /* ComplicationController.swift */,
				D9C0575D2590DEC400A6E43A /* Assets.xcassets */,
				D9C057622590DEC400A6E43A /* Info.plist */,
				D9C057632590DEC400A6E43A /* PushNotificationPayload.apns */,
				D9C0575F2590DEC400A6E43A /* Preview Content */,
			);
			path = "WatchLight WatchKit Extension";
			sourceTree = "<group>";
		};
		D9C0575F2590DEC400A6E43A /* Preview Content */ = {
			isa = PBXGroup;
			children = (
				D9C057602590DEC400A6E43A /* Preview Assets.xcassets */,
			);
			path = "Preview Content";
			sourceTree = "<group>";
		};
/* End PBXGroup section */

/* Begin PBXNativeTarget section */
		D9C0573D2590DEC200A6E43A /* WatchLight */ = {
			isa = PBXNativeTarget;
			buildConfigurationList = D9C0576E2590DEC400A6E43A /* Build configuration list for PBXNativeTarget "WatchLight" */;
			buildPhases = (
				D9C0573C2590DEC200A6E43A /* Resources */,
				D9C0576D2590DEC400A6E43A /* Embed Watch Content */,
			);
			buildRules = (
			);
			dependencies = (
				D9C057452590DEC300A6E43A /* PBXTargetDependency */,
			);
			name = WatchLight;
			productName = WatchLight;
			productReference = D9C0573E2590DEC200A6E43A /* WatchLight.app */;
			productType = "com.apple.product-type.application.watchapp2-container";
		};
		D9C057412590DEC300A6E43A /* WatchLight WatchKit App */ = {
			isa = PBXNativeTarget;
			buildConfigurationList = D9C0576A2590DEC400A6E43A /* Build configuration list for PBXNativeTarget "WatchLight WatchKit App" */;
			buildPhases = (
				D9C057402590DEC300A6E43A /* Resources */,
				D9C057692590DEC400A6E43A /* Embed App Extensions */,
			);
			buildRules = (
			);
			dependencies = (
				D9C057512590DEC300A6E43A /* PBXTargetDependency */,
			);
			name = "WatchLight WatchKit App";
			productName = "WatchLight WatchKit App";
			productReference = D9C057422590DEC300A6E43A /* WatchLight WatchKit App.app */;
			productType = "com.apple.product-type.application.watchapp2";
		};
		D9C0574D2590DEC300A6E43A /* WatchLight WatchKit Extension */ = {
			isa = PBXNativeTarget;
			buildConfigurationList = D9C057662590DEC400A6E43A /* Build configuration list for PBXNativeTarget "WatchLight WatchKit Extension" */;
			buildPhases = (
				D9C0574A2590DEC300A6E43A /* Sources */,
				D9C0574B2590DEC300A6E43A /* Frameworks */,
				D9C0574C2590DEC300A6E43A /* Resources */,
			);
			buildRules = (
			);
			dependencies = (
			);
			name = "WatchLight WatchKit Extension";
			productName = "WatchLight WatchKit Extension";
			productReference = D9C0574E2590DEC300A6E43A /* WatchLight WatchKit Extension.appex */;
			productType = "com.apple.product-type.watchkit2-extension";
		};
/* End PBXNativeTarget section */

/* Begin PBXProject section */
		D9C057382590DEC200A6E43A /* Project object */ = {
			isa = PBXProject;
			attributes = {
				LastSwiftUpdateCheck = 1230;
				LastUpgradeCheck = 1230;
				TargetAttributes = {
					D9C0573D2590DEC200A6E43A = {
						CreatedOnToolsVersion = 12.3;
					};
					D9C057412590DEC300A6E43A = {
						CreatedOnToolsVersion = 12.3;
					};
					D9C0574D2590DEC300A6E43A = {
						CreatedOnToolsVersion = 12.3;
					};
				};
			};
			buildConfigurationList = D9C0573B2590DEC200A6E43A /* Build configuration list for PBXProject "WatchLight" */;
			compatibilityVersion = "Xcode 9.3";
			developmentRegion = en;
			hasScannedForEncodings = 0;
			knownRegions = (
				en,
				Base,
			);
			mainGroup = D9C057372590DEC200A6E43A;
			productRefGroup = D9C0573F2590DEC200A6E43A /* Products */;
			projectDirPath = "";
			projectRoot = "";
			targets = (
				D9C0573D2590DEC200A6E43A /* WatchLight */,
				D9C057412590DEC300A6E43A /* WatchLight WatchKit App */,
				D9C0574D2590DEC300A6E43A /* WatchLight WatchKit Extension */,
			);
		};
/* End PBXProject section */

/* Begin PBXResourcesBuildPhase section */
		D9C0573C2590DEC200A6E43A /* Resources */ = {
			isa = PBXResourcesBuildPhase;
			buildActionMask = 2147483647;
			files = (
			);
			runOnlyForDeploymentPostprocessing = 0;
		};
		D9C057402590DEC300A6E43A /* Resources */ = {
			isa = PBXResourcesBuildPhase;
			buildActionMask = 2147483647;
			files = (
				D9C057482590DEC300A6E43A /* Assets.xcassets in Resources */,
			);
			runOnlyForDeploymentPostprocessing = 0;
		};
		D9C0574C2590DEC300A6E43A /* Resources */ = {
			isa = PBXResourcesBuildPhase;
			buildActionMask = 2147483647;
			files = (
				D9C057612590DEC400A6E43A /* Preview Assets.xcassets in Resources */,
				D9C0575E2590DEC400A6E43A /* Assets.xcassets in Resources */,
			);
			runOnlyForDeploymentPostprocessing = 0;
		};
/* End PBXResourcesBuildPhase section */

/* Begin PBXSourcesBuildPhase section */
		D9C0574A2590DEC300A6E43A /* Sources */ = {
			isa = PBXSourcesBuildPhase;
			buildActionMask = 2147483647;
			files = (
				D9C057582590DEC300A6E43A /* NotificationController.swift in Sources */,
				D9C057562590DEC300A6E43A /* ContentView.swift in Sources */,
				D9C0575C2590DEC300A6E43A /* ComplicationController.swift in Sources */,
				D9C057542590DEC300A6E43A /* WatchLightApp.swift in Sources */,
				D9C0575A2590DEC300A6E43A /* NotificationView.swift in Sources */,
			);
			runOnlyForDeploymentPostprocessing = 0;
		};
/* End PBXSourcesBuildPhase section */

/* Begin PBXTargetDependency section */
		D9C057452590DEC300A6E43A /* PBXTargetDependency */ = {
			isa = PBXTargetDependency;
			target = D9C057412590DEC300A6E43A /* WatchLight WatchKit App */;
			targetProxy = D9C057442590DEC300A6E43A /* PBXContainerItemProxy */;
		};
		D9C057512590DEC300A6E43A /* PBXTargetDependency */ = {
			isa = PBXTargetDependency;
			target = D9C0574D2590DEC300A6E43A /* WatchLight WatchKit Extension */;
			targetProxy = D9C057502590DEC300A6E43A /* PBXContainerItemProxy */;
		};
/* End PBXTargetDependency section */

/* Begin XCBuildConfiguration section */
		D9C057642590DEC400A6E43A /* Debug */ = {
			isa = XCBuildConfiguration;
			buildSettings = {
				ALWAYS_SEARCH_USER_PATHS = NO;
				CLANG_ANALYZER_NONNULL = YES;
				CLANG_ANALYZER_NUMBER_OBJECT_CONVERSION = YES_AGGRESSIVE;
				CLANG_CXX_LANGUAGE_STANDARD = "gnu++14";
				CLANG_CXX_LIBRARY = "libc++";
				CLANG_ENABLE_MODULES = YES;
				CLANG_ENABLE_OBJC_ARC = YES;
				CLANG_ENABLE_OBJC_WEAK = YES;
				CLANG_WARN_BLOCK_CAPTURE_AUTORELEASING = YES;
				CLANG_WARN_BOOL_CONVERSION = YES;
				CLANG_WARN_COMMA = YES;
				CLANG_WARN_CONSTANT_CONVERSION = YES;
				CLANG_WARN_DEPRECATED_OBJC_IMPLEMENTATIONS = YES;
				CLANG_WARN_DIRECT_OBJC_ISA_USAGE = YES_ERROR;
				CLANG_WARN_DOCUMENTATION_COMMENTS = YES;
				CLANG_WARN_EMPTY_BODY = YES;
				CLANG_WARN_ENUM_CONVERSION = YES;
				CLANG_WARN_INFINITE_RECURSION = YES;
				CLANG_WARN_INT_CONVERSION = YES;
				CLANG_WARN_NON_LITERAL_NULL_CONVERSION = YES;
				CLANG_WARN_OBJC_IMPLICIT_RETAIN_SELF = YES;
				CLANG_WARN_OBJC_LITERAL_CONVERSION = YES;
				CLANG_WARN_OBJC_ROOT_CLASS = YES_ERROR;
				CLANG_WARN_QUOTED_INCLUDE_IN_FRAMEWORK_HEADER = YES;
				CLANG_WARN_RANGE_LOOP_ANALYSIS = YES;
				CLANG_WARN_STRICT_PROTOTYPES = YES;
				CLANG_WARN_SUSPICIOUS_MOVE = YES;
				CLANG_WARN_UNGUARDED_AVAILABILITY = YES_AGGRESSIVE;
				CLANG_WARN_UNREACHABLE_CODE = YES;
				CLANG_WARN__DUPLICATE_METHOD_MATCH = YES;
				COPY_PHASE_STRIP = NO;
				DEBUG_INFORMATION_FORMAT = dwarf;
				ENABLE_STRICT_OBJC_MSGSEND = YES;
				ENABLE_TESTABILITY = YES;
				GCC_C_LANGUAGE_STANDARD = gnu11;
				GCC_DYNAMIC_NO_PIC = NO;
				GCC_NO_COMMON_BLOCKS = YES;
				GCC_OPTIMIZATION_LEVEL = 0;
				GCC_PREPROCESSOR_DEFINITIONS = (
					"DEBUG=1",
					"$(inherited)",
				);
				GCC_WARN_64_TO_32_BIT_CONVERSION = YES;
				GCC_WARN_ABOUT_RETURN_TYPE = YES_ERROR;
				GCC_WARN_UNDECLARED_SELECTOR = YES;
				GCC_WARN_UNINITIALIZED_AUTOS = YES_AGGRESSIVE;
				GCC_WARN_UNUSED_FUNCTION = YES;
				GCC_WARN_UNUSED_VARIABLE = YES;
				MTL_ENABLE_DEBUG_INFO = INCLUDE_SOURCE;
				MTL_FAST_MATH = YES;
				ONLY_ACTIVE_ARCH = YES;
				SDKROOT = iphoneos;
				SWIFT_ACTIVE_COMPILATION_CONDITIONS = DEBUG;
				SWIFT_OPTIMIZATION_LEVEL = "-Onone";
			};
			name = Debug;
		};
		D9C057652590DEC400A6E43A /* Release */ = {
			isa = XCBuildConfiguration;
			buildSettings = {
				ALWAYS_SEARCH_USER_PATHS = NO;
				CLANG_ANALYZER_NONNULL = YES;
				CLANG_ANALYZER_NUMBER_OBJECT_CONVERSION = YES_AGGRESSIVE;
				CLANG_CXX_LANGUAGE_STANDARD = "gnu++14";
				CLANG_CXX_LIBRARY = "libc++";
				CLANG_ENABLE_MODULES = YES;
				CLANG_ENABLE_OBJC_ARC = YES;
				CLANG_ENABLE_OBJC_WEAK = YES;
				CLANG_WARN_BLOCK_CAPTURE_AUTORELEASING = YES;
				CLANG_WARN_BOOL_CONVERSION = YES;
				CLANG_WARN_COMMA = YES;
				CLANG_WARN_CONSTANT_CONVERSION = YES;
				CLANG_WARN_DEPRECATED_OBJC_IMPLEMENTATIONS = YES;
				CLANG_WARN_DIRECT_OBJC_ISA_USAGE = YES_ERROR;
				CLANG_WARN_DOCUMENTATION_COMMENTS = YES;
				CLANG_WARN_EMPTY_BODY = YES;
				CLANG_WARN_ENUM_CONVERSION = YES;
				CLANG_WARN_INFINITE_RECURSION = YES;
				CLANG_WARN_INT_CONVERSION = YES;
				CLANG_WARN_NON_LITERAL_NULL_CONVERSION = YES;
				CLANG_WARN_OBJC_IMPLICIT_RETAIN_SELF = YES;
				CLANG_WARN_OBJC_LITERAL_CONVERSION = YES;
				CLANG_WARN_OBJC_ROOT_CLASS = YES_ERROR;
				CLANG_WARN_QUOTED_INCLUDE_IN_FRAMEWORK_HEADER = YES;
				CLANG_WARN_RANGE_LOOP_ANALYSIS = YES;
				CLANG_WARN_STRICT_PROTOTYPES = YES;
				CLANG_WARN_SUSPICIOUS_MOVE = YES;
				CLANG_WARN_UNGUARDED_AVAILABILITY = YES_AGGRESSIVE;
				CLANG_WARN_UNREACHABLE_CODE = YES;
				CLANG_WARN__DUPLICATE_METHOD_MATCH = YES;
				COPY_PHASE_STRIP = NO;
				DEBUG_INFORMATION_FORMAT = "dwarf-with-dsym";
				ENABLE_NS_ASSERTIONS = NO;
				ENABLE_STRICT_OBJC_MSGSEND = YES;
				GCC_C_LANGUAGE_STANDARD = gnu11;
				GCC_NO_COMMON_BLOCKS = YES;
				GCC_WARN_64_TO_32_BIT_CONVERSION = YES;
				GCC_WARN_ABOUT_RETURN_TYPE = YES_ERROR;
				GCC_WARN_UNDECLARED_SELECTOR = YES;
				GCC_WARN_UNINITIALIZED_AUTOS = YES_AGGRESSIVE;
				GCC_WARN_UNUSED_FUNCTION = YES;
				GCC_WARN_UNUSED_VARIABLE = YES;
				MTL_ENABLE_DEBUG_INFO = NO;
				MTL_FAST_MATH = YES;
				SDKROOT = iphoneos;
				SWIFT_COMPILATION_MODE = wholemodule;
				SWIFT_OPTIMIZATION_LEVEL = "-O";
				VALIDATE_PRODUCT = YES;
			};
			name = Release;
		};
		D9C057672590DEC400A6E43A /* Debug */ = {
			isa = XCBuildConfiguration;
			buildSettings = {
				ASSETCATALOG_COMPILER_COMPLICATION_NAME = Complication;
				CODE_SIGN_STYLE = Automatic;
				DEVELOPMENT_ASSET_PATHS = "\"WatchLight WatchKit Extension/Preview Content\"";
				DEVELOPMENT_TEAM = A44VX47B87;
				ENABLE_PREVIEWS = YES;
				INFOPLIST_FILE = "WatchLight WatchKit Extension/Info.plist";
				LD_RUNPATH_SEARCH_PATHS = (
					"$(inherited)",
					"@executable_path/Frameworks",
					"@executable_path/../../Frameworks",
				);
				PRODUCT_BUNDLE_IDENTIFIER = "psg35-icloud.com.WatchLight.watchkitapp.watchkitextension";
				PRODUCT_NAME = "${TARGET_NAME}";
				SDKROOT = watchos;
				SKIP_INSTALL = YES;
				SWIFT_VERSION = 5.0;
				TARGETED_DEVICE_FAMILY = 4;
				WATCHOS_DEPLOYMENT_TARGET = 7.2;
			};
			name = Debug;
		};
		D9C057682590DEC400A6E43A /* Release */ = {
			isa = XCBuildConfiguration;
			buildSettings = {
				ASSETCATALOG_COMPILER_COMPLICATION_NAME = Complication;
				CODE_SIGN_STYLE = Automatic;
				DEVELOPMENT_ASSET_PATHS = "\"WatchLight WatchKit Extension/Preview Content\"";
				DEVELOPMENT_TEAM = A44VX47B87;
				ENABLE_PREVIEWS = YES;
				INFOPLIST_FILE = "WatchLight WatchKit Extension/Info.plist";
				LD_RUNPATH_SEARCH_PATHS = (
					"$(inherited)",
					"@executable_path/Frameworks",
					"@executable_path/../../Frameworks",
				);
				PRODUCT_BUNDLE_IDENTIFIER = "psg35-icloud.com.WatchLight.watchkitapp.watchkitextension";
				PRODUCT_NAME = "${TARGET_NAME}";
				SDKROOT = watchos;
				SKIP_INSTALL = YES;
				SWIFT_VERSION = 5.0;
				TARGETED_DEVICE_FAMILY = 4;
				WATCHOS_DEPLOYMENT_TARGET = 7.2;
			};
			name = Release;
		};
		D9C0576B2590DEC400A6E43A /* Debug */ = {
			isa = XCBuildConfiguration;
			buildSettings = {
				ALWAYS_EMBED_SWIFT_STANDARD_LIBRARIES = YES;
				ASSETCATALOG_COMPILER_APPICON_NAME = AppIcon;
				ASSETCATALOG_COMPILER_GLOBAL_ACCENT_COLOR_NAME = AccentColor;
				CODE_SIGN_STYLE = Automatic;
				DEVELOPMENT_TEAM = A44VX47B87;
				IBSC_MODULE = WatchLight_WatchKit_Extension;
				INFOPLIST_FILE = "WatchLight WatchKit App/Info.plist";
				PRODUCT_BUNDLE_IDENTIFIER = "psg35-icloud.com.WatchLight.watchkitapp";
				PRODUCT_NAME = "$(TARGET_NAME)";
				SDKROOT = watchos;
				SKIP_INSTALL = YES;
				SWIFT_VERSION = 5.0;
				TARGETED_DEVICE_FAMILY = 4;
				WATCHOS_DEPLOYMENT_TARGET = 7.2;
			};
			name = Debug;
		};
		D9C0576C2590DEC400A6E43A /* Release */ = {
			isa = XCBuildConfiguration;
			buildSettings = {
				ALWAYS_EMBED_SWIFT_STANDARD_LIBRARIES = YES;
				ASSETCATALOG_COMPILER_APPICON_NAME = AppIcon;
				ASSETCATALOG_COMPILER_GLOBAL_ACCENT_COLOR_NAME = AccentColor;
				CODE_SIGN_STYLE = Automatic;
				DEVELOPMENT_TEAM = A44VX47B87;
				IBSC_MODULE = WatchLight_WatchKit_Extension;
				INFOPLIST_FILE = "WatchLight WatchKit App/Info.plist";
				PRODUCT_BUNDLE_IDENTIFIER = "psg35-icloud.com.WatchLight.watchkitapp";
				PRODUCT_NAME = "$(TARGET_NAME)";
				SDKROOT = watchos;
				SKIP_INSTALL = YES;
				SWIFT_VERSION = 5.0;
				TARGETED_DEVICE_FAMILY = 4;
				WATCHOS_DEPLOYMENT_TARGET = 7.2;
			};
			name = Release;
		};
		D9C0576F2590DEC400A6E43A /* Debug */ = {
			isa = XCBuildConfiguration;
			buildSettings = {
				CODE_SIGN_STYLE = Automatic;
				CURRENT_PROJECT_VERSION = 1;
				DEVELOPMENT_TEAM = A44VX47B87;
				MARKETING_VERSION = 1.0;
				PRODUCT_BUNDLE_IDENTIFIER = "psg35-icloud.com.WatchLight";
				PRODUCT_NAME = "$(TARGET_NAME)";
				SWIFT_VERSION = 5.0;
			};
			name = Debug;
		};
		D9C057702590DEC400A6E43A /* Release */ = {
			isa = XCBuildConfiguration;
			buildSettings = {
				CODE_SIGN_STYLE = Automatic;
				CURRENT_PROJECT_VERSION = 1;
				DEVELOPMENT_TEAM = A44VX47B87;
				MARKETING_VERSION = 1.0;
				PRODUCT_BUNDLE_IDENTIFIER = "psg35-icloud.com.WatchLight";
				PRODUCT_NAME = "$(TARGET_NAME)";
				SWIFT_VERSION = 5.0;
			};
			name = Release;
		};
/* End XCBuildConfiguration section */

/* Begin XCConfigurationList section */
		D9C0573B2590DEC200A6E43A /* Build configuration list for PBXProject "WatchLight" */ = {
			isa = XCConfigurationList;
			buildConfigurations = (
				D9C057642590DEC400A6E43A /* Debug */,
				D9C057652590DEC400A6E43A /* Release */,
			);
			defaultConfigurationIsVisible = 0;
			defaultConfigurationName = Release;
		};
		D9C057662590DEC400A6E43A /* Build configuration list for PBXNativeTarget "WatchLight WatchKit Extension" */ = {
			isa = XCConfigurationList;
			buildConfigurations = (
				D9C057672590DEC400A6E43A /* Debug */,
				D9C057682590DEC400A6E43A /* Release */,
			);
			defaultConfigurationIsVisible = 0;
			defaultConfigurationName = Release;
		};
		D9C0576A2590DEC400A6E43A /* Build configuration list for PBXNativeTarget "WatchLight WatchKit App" */ = {
			isa = XCConfigurationList;
			buildConfigurations = (
				D9C0576B2590DEC400A6E43A /* Debug */,
				D9C0576C2590DEC400A6E43A /* Release */,
			);
			defaultConfigurationIsVisible = 0;
			defaultConfigurationName = Release;
		};
		D9C0576E2590DEC400A6E43A /* Build configuration list for PBXNativeTarget "WatchLight" */ = {
			isa = XCConfigurationList;
			buildConfigurations = (
				D9C0576F2590DEC400A6E43A /* Debug */,
				D9C057702590DEC400A6E43A /* Release */,
			);
			defaultConfigurationIsVisible = 0;
			defaultConfigurationName = Release;
		};
/* End XCConfigurationList section */
	};
	rootObject = D9C057382590DEC200A6E43A /* Project object */;
}
