// !$*UTF8*$!
{
	archiveVersion = 1;
	classes = {
	};
	objectVersion = 50;
	objects = {

/* Begin PBXBuildFile section */
		D9083AFA235BB4200039C69D /* AppDelegate.swift in Sources */ = {isa = PBXBuildFile; fileRef = D9083AF9235BB4200039C69D /* AppDelegate.swift */; };
		D9083AFC235BB4200039C69D /* GameScene.sks in Resources */ = {isa = PBXBuildFile; fileRef = D9083AFB235BB4200039C69D /* GameScene.sks */; };
		D9083AFE235BB4200039C69D /* Actions.sks in Resources */ = {isa = PBXBuildFile; fileRef = D9083AFD235BB4200039C69D /* Actions.sks */; };
		D9083B00235BB4200039C69D /* GameScene.swift in Sources */ = {isa = PBXBuildFile; fileRef = D9083AFF235BB4200039C69D /* GameScene.swift */; };
		D9083B02235BB4200039C69D /* GameViewController.swift in Sources */ = {isa = PBXBuildFile; fileRef = D9083B01235BB4200039C69D /* GameViewController.swift */; };
		D9083B05235BB4200039C69D /* Main.storyboard in Resources */ = {isa = PBXBuildFile; fileRef = D9083B03235BB4200039C69D /* Main.storyboard */; };
		D9083B07235BB4210039C69D /* Assets.xcassets in Resources */ = {isa = PBXBuildFile; fileRef = D9083B06235BB4210039C69D /* Assets.xcassets */; };
		D9083B0A235BB4210039C69D /* LaunchScreen.storyboard in Resources */ = {isa = PBXBuildFile; fileRef = D9083B08235BB4210039C69D /* LaunchScreen.storyboard */; };
		D9083B122363BF4F0039C69D /* explosion.mp3 in Resources */ = {isa = PBXBuildFile; fileRef = D9083B112363BF4F0039C69D /* explosion.mp3 */; };
		D9083B142363BF560039C69D /* Explosion.sks in Resources */ = {isa = PBXBuildFile; fileRef = D9083B132363BF550039C69D /* Explosion.sks */; };
		D985E5D32364833500C9EA8F /* 1-07 Egg Planet.mp3 in Resources */ = {isa = PBXBuildFile; fileRef = D985E5D22364833500C9EA8F /* 1-07 Egg Planet.mp3 */; };
		D985E5D523809B3800C9EA8F /* stomp.wav in Resources */ = {isa = PBXBuildFile; fileRef = D985E5D423809B3800C9EA8F /* stomp.wav */; };
		D985E5D723809B3F00C9EA8F /* 1up.mp3 in Resources */ = {isa = PBXBuildFile; fileRef = D985E5D623809B3F00C9EA8F /* 1up.mp3 */; };
		D985E5D923809B4400C9EA8F /* over.mp3 in Resources */ = {isa = PBXBuildFile; fileRef = D985E5D823809B4400C9EA8F /* over.mp3 */; };
		D9E486D223F0CD710025CE41 /* Explosion.sks in Resources */ = {isa = PBXBuildFile; fileRef = D9E486D123F0CD710025CE41 /* Explosion.sks */; };
		D9E486D423F0CD770025CE41 /* stomp.wav in Resources */ = {isa = PBXBuildFile; fileRef = D9E486D323F0CD770025CE41 /* stomp.wav */; };
/* End PBXBuildFile section */

/* Begin PBXFileReference section */
		D9083AF6235BB4200039C69D /* marioGame.app */ = {isa = PBXFileReference; explicitFileType = wrapper.application; includeInIndex = 0; path = marioGame.app; sourceTree = BUILT_PRODUCTS_DIR; };
		D9083AF9235BB4200039C69D /* AppDelegate.swift */ = {isa = PBXFileReference; lastKnownFileType = sourcecode.swift; path = AppDelegate.swift; sourceTree = "<group>"; };
		D9083AFB235BB4200039C69D /* GameScene.sks */ = {isa = PBXFileReference; lastKnownFileType = file.sks; path = GameScene.sks; sourceTree = "<group>"; };
		D9083AFD235BB4200039C69D /* Actions.sks */ = {isa = PBXFileReference; lastKnownFileType = file.sks; path = Actions.sks; sourceTree = "<group>"; };
		D9083AFF235BB4200039C69D /* GameScene.swift */ = {isa = PBXFileReference; lastKnownFileType = sourcecode.swift; path = GameScene.swift; sourceTree = "<group>"; };
		D9083B01235BB4200039C69D /* GameViewController.swift */ = {isa = PBXFileReference; lastKnownFileType = sourcecode.swift; path = GameViewController.swift; sourceTree = "<group>"; };
		D9083B04235BB4200039C69D /* Base */ = {isa = PBXFileReference; lastKnownFileType = file.storyboard; name = Base; path = Base.lproj/Main.storyboard; sourceTree = "<group>"; };
		D9083B06235BB4210039C69D /* Assets.xcassets */ = {isa = PBXFileReference; lastKnownFileType = folder.assetcatalog; path = Assets.xcassets; sourceTree = "<group>"; };
		D9083B09235BB4210039C69D /* Base */ = {isa = PBXFileReference; lastKnownFileType = file.storyboard; name = Base; path = Base.lproj/LaunchScreen.storyboard; sourceTree = "<group>"; };
		D9083B0B235BB4210039C69D /* Info.plist */ = {isa = PBXFileReference; lastKnownFileType = text.plist.xml; path = Info.plist; sourceTree = "<group>"; };
		D9083B112363BF4F0039C69D /* explosion.mp3 */ = {isa = PBXFileReference; lastKnownFileType = audio.mp3; path = explosion.mp3; sourceTree = "<group>"; };
		D9083B132363BF550039C69D /* Explosion.sks */ = {isa = PBXFileReference; lastKnownFileType = file.sks; path = Explosion.sks; sourceTree = "<group>"; };
		D985E5D22364833500C9EA8F /* 1-07 Egg Planet.mp3 */ = {isa = PBXFileReference; lastKnownFileType = audio.mp3; path = "1-07 Egg Planet.mp3"; sourceTree = "<group>"; };
		D985E5D423809B3800C9EA8F /* stomp.wav */ = {isa = PBXFileReference; lastKnownFileType = audio.wav; path = stomp.wav; sourceTree = "<group>"; };
		D985E5D623809B3F00C9EA8F /* 1up.mp3 */ = {isa = PBXFileReference; lastKnownFileType = audio.mp3; path = 1up.mp3; sourceTree = "<group>"; };
		D985E5D823809B4400C9EA8F /* over.mp3 */ = {isa = PBXFileReference; lastKnownFileType = audio.mp3; path = over.mp3; sourceTree = "<group>"; };
		D9E486D123F0CD710025CE41 /* Explosion.sks */ = {isa = PBXFileReference; lastKnownFileType = file.sks; path = Explosion.sks; sourceTree = "<group>"; };
		D9E486D323F0CD770025CE41 /* stomp.wav */ = {isa = PBXFileReference; lastKnownFileType = audio.wav; path = stomp.wav; sourceTree = "<group>"; };
/* End PBXFileReference section */

/* Begin PBXFrameworksBuildPhase section */
		D9083AF3235BB4200039C69D /* Frameworks */ = {
			isa = PBXFrameworksBuildPhase;
			buildActionMask = 2147483647;
			files = (
			);
			runOnlyForDeploymentPostprocessing = 0;
		};
/* End PBXFrameworksBuildPhase section */

/* Begin PBXGroup section */
		D9083AED235BB4200039C69D = {
			isa = PBXGroup;
			children = (
				D9083AF8235BB4200039C69D /* marioGame */,
				D9083AF7235BB4200039C69D /* Products */,
			);
			sourceTree = "<group>";
		};
		D9083AF7235BB4200039C69D /* Products */ = {
			isa = PBXGroup;
			children = (
				D9083AF6235BB4200039C69D /* marioGame.app */,
			);
			name = Products;
			sourceTree = "<group>";
		};
		D9083AF8235BB4200039C69D /* marioGame */ = {
			isa = PBXGroup;
			children = (
				D985E5D22364833500C9EA8F /* 1-07 Egg Planet.mp3 */,
				D985E5D423809B3800C9EA8F /* stomp.wav */,
				D985E5D623809B3F00C9EA8F /* 1up.mp3 */,
				D985E5D823809B4400C9EA8F /* over.mp3 */,
				D9083B112363BF4F0039C69D /* explosion.mp3 */,
				D9083B132363BF550039C69D /* Explosion.sks */,
				D9083AF9235BB4200039C69D /* AppDelegate.swift */,
				D9083AFB235BB4200039C69D /* GameScene.sks */,
				D9083AFD235BB4200039C69D /* Actions.sks */,
				D9E486D123F0CD710025CE41 /* Explosion.sks */,
				D9E486D323F0CD770025CE41 /* stomp.wav */,
				D9083AFF235BB4200039C69D /* GameScene.swift */,
				D9083B01235BB4200039C69D /* GameViewController.swift */,
				D9083B03235BB4200039C69D /* Main.storyboard */,
				D9083B06235BB4210039C69D /* Assets.xcassets */,
				D9083B08235BB4210039C69D /* LaunchScreen.storyboard */,
				D9083B0B235BB4210039C69D /* Info.plist */,
			);
			path = marioGame;
			sourceTree = "<group>";
		};
/* End PBXGroup section */

/* Begin PBXNativeTarget section */
		D9083AF5235BB4200039C69D /* marioGame */ = {
			isa = PBXNativeTarget;
			buildConfigurationList = D9083B0E235BB4210039C69D /* Build configuration list for PBXNativeTarget "marioGame" */;
			buildPhases = (
				D9083AF2235BB4200039C69D /* Sources */,
				D9083AF3235BB4200039C69D /* Frameworks */,
				D9083AF4235BB4200039C69D /* Resources */,
			);
			buildRules = (
			);
			dependencies = (
			);
			name = marioGame;
			productName = marioGame;
			productReference = D9083AF6235BB4200039C69D /* marioGame.app */;
			productType = "com.apple.product-type.application";
		};
/* End PBXNativeTarget section */

/* Begin PBXProject section */
		D9083AEE235BB4200039C69D /* Project object */ = {
			isa = PBXProject;
			attributes = {
				LastSwiftUpdateCheck = 1110;
				LastUpgradeCheck = 1110;
				ORGANIZATIONNAME = "Philip Gross";
				TargetAttributes = {
					D9083AF5235BB4200039C69D = {
						CreatedOnToolsVersion = 11.1;
					};
				};
			};
			buildConfigurationList = D9083AF1235BB4200039C69D /* Build configuration list for PBXProject "marioGame" */;
			compatibilityVersion = "Xcode 9.3";
			developmentRegion = en;
			hasScannedForEncodings = 0;
			knownRegions = (
				en,
				Base,
			);
			mainGroup = D9083AED235BB4200039C69D;
			productRefGroup = D9083AF7235BB4200039C69D /* Products */;
			projectDirPath = "";
			projectRoot = "";
			targets = (
				D9083AF5235BB4200039C69D /* marioGame */,
			);
		};
/* End PBXProject section */

/* Begin PBXResourcesBuildPhase section */
		D9083AF4235BB4200039C69D /* Resources */ = {
			isa = PBXResourcesBuildPhase;
			buildActionMask = 2147483647;
			files = (
				D985E5D923809B4400C9EA8F /* over.mp3 in Resources */,
				D9083B122363BF4F0039C69D /* explosion.mp3 in Resources */,
				D985E5D523809B3800C9EA8F /* stomp.wav in Resources */,
				D9083B05235BB4200039C69D /* Main.storyboard in Resources */,
				D9083AFC235BB4200039C69D /* GameScene.sks in Resources */,
				D9E486D223F0CD710025CE41 /* Explosion.sks in Resources */,
				D9083B07235BB4210039C69D /* Assets.xcassets in Resources */,
				D9083B0A235BB4210039C69D /* LaunchScreen.storyboard in Resources */,
				D985E5D32364833500C9EA8F /* 1-07 Egg Planet.mp3 in Resources */,
				D9083B142363BF560039C69D /* Explosion.sks in Resources */,
				D9083AFE235BB4200039C69D /* Actions.sks in Resources */,
				D985E5D723809B3F00C9EA8F /* 1up.mp3 in Resources */,
				D9E486D423F0CD770025CE41 /* stomp.wav in Resources */,
			);
			runOnlyForDeploymentPostprocessing = 0;
		};
/* End PBXResourcesBuildPhase section */

/* Begin PBXSourcesBuildPhase section */
		D9083AF2235BB4200039C69D /* Sources */ = {
			isa = PBXSourcesBuildPhase;
			buildActionMask = 2147483647;
			files = (
				D9083B00235BB4200039C69D /* GameScene.swift in Sources */,
				D9083B02235BB4200039C69D /* GameViewController.swift in Sources */,
				D9083AFA235BB4200039C69D /* AppDelegate.swift in Sources */,
			);
			runOnlyForDeploymentPostprocessing = 0;
		};
/* End PBXSourcesBuildPhase section */

/* Begin PBXVariantGroup section */
		D9083B03235BB4200039C69D /* Main.storyboard */ = {
			isa = PBXVariantGroup;
			children = (
				D9083B04235BB4200039C69D /* Base */,
			);
			name = Main.storyboard;
			sourceTree = "<group>";
		};
		D9083B08235BB4210039C69D /* LaunchScreen.storyboard */ = {
			isa = PBXVariantGroup;
			children = (
				D9083B09235BB4210039C69D /* Base */,
			);
			name = LaunchScreen.storyboard;
			sourceTree = "<group>";
		};
/* End PBXVariantGroup section */

/* Begin XCBuildConfiguration section */
		D9083B0C235BB4210039C69D /* Debug */ = {
			isa = XCBuildConfiguration;
			buildSettings = {
				ALWAYS_SEARCH_USER_PATHS = NO;
				CLANG_ANALYZER_NONNULL = YES;
				CLANG_ANALYZER_NUMBER_OBJECT_CONVERSION = YES_AGGRESSIVE;
				CLANG_CXX_LANGUAGE_STANDARD = "gnu++14";
				CLANG_CXX_LIBRARY = "libc++";
				CLANG_ENABLE_MODULES = YES;
				CLANG_ENABLE_OBJC_ARC = YES;
				CLANG_ENABLE_OBJC_WEAK = YES;
				CLANG_WARN_BLOCK_CAPTURE_AUTORELEASING = YES;
				CLANG_WARN_BOOL_CONVERSION = YES;
				CLANG_WARN_COMMA = YES;
				CLANG_WARN_CONSTANT_CONVERSION = YES;
				CLANG_WARN_DEPRECATED_OBJC_IMPLEMENTATIONS = YES;
				CLANG_WARN_DIRECT_OBJC_ISA_USAGE = YES_ERROR;
				CLANG_WARN_DOCUMENTATION_COMMENTS = YES;
				CLANG_WARN_EMPTY_BODY = YES;
				CLANG_WARN_ENUM_CONVERSION = YES;
				CLANG_WARN_INFINITE_RECURSION = YES;
				CLANG_WARN_INT_CONVERSION = YES;
				CLANG_WARN_NON_LITERAL_NULL_CONVERSION = YES;
				CLANG_WARN_OBJC_IMPLICIT_RETAIN_SELF = YES;
				CLANG_WARN_OBJC_LITERAL_CONVERSION = YES;
				CLANG_WARN_OBJC_ROOT_CLASS = YES_ERROR;
				CLANG_WARN_RANGE_LOOP_ANALYSIS = YES;
				CLANG_WARN_STRICT_PROTOTYPES = YES;
				CLANG_WARN_SUSPICIOUS_MOVE = YES;
				CLANG_WARN_UNGUARDED_AVAILABILITY = YES_AGGRESSIVE;
				CLANG_WARN_UNREACHABLE_CODE = YES;
				CLANG_WARN__DUPLICATE_METHOD_MATCH = YES;
				COPY_PHASE_STRIP = NO;
				DEBUG_INFORMATION_FORMAT = dwarf;
				ENABLE_STRICT_OBJC_MSGSEND = YES;
				ENABLE_TESTABILITY = YES;
				GCC_C_LANGUAGE_STANDARD = gnu11;
				GCC_DYNAMIC_NO_PIC = NO;
				GCC_NO_COMMON_BLOCKS = YES;
				GCC_OPTIMIZATION_LEVEL = 0;
				GCC_PREPROCESSOR_DEFINITIONS = (
					"DEBUG=1",
					"$(inherited)",
				);
				GCC_WARN_64_TO_32_BIT_CONVERSION = YES;
				GCC_WARN_ABOUT_RETURN_TYPE = YES_ERROR;
				GCC_WARN_UNDECLARED_SELECTOR = YES;
				GCC_WARN_UNINITIALIZED_AUTOS = YES_AGGRESSIVE;
				GCC_WARN_UNUSED_FUNCTION = YES;
				GCC_WARN_UNUSED_VARIABLE = YES;
				IPHONEOS_DEPLOYMENT_TARGET = 13.1;
				MTL_ENABLE_DEBUG_INFO = INCLUDE_SOURCE;
				MTL_FAST_MATH = YES;
				ONLY_ACTIVE_ARCH = YES;
				SDKROOT = iphoneos;
				SWIFT_ACTIVE_COMPILATION_CONDITIONS = DEBUG;
				SWIFT_OPTIMIZATION_LEVEL = "-Onone";
			};
			name = Debug;
		};
		D9083B0D235BB4210039C69D /* Release */ = {
			isa = XCBuildConfiguration;
			buildSettings = {
				ALWAYS_SEARCH_USER_PATHS = NO;
				CLANG_ANALYZER_NONNULL = YES;
				CLANG_ANALYZER_NUMBER_OBJECT_CONVERSION = YES_AGGRESSIVE;
				CLANG_CXX_LANGUAGE_STANDARD = "gnu++14";
				CLANG_CXX_LIBRARY = "libc++";
				CLANG_ENABLE_MODULES = YES;
				CLANG_ENABLE_OBJC_ARC = YES;
				CLANG_ENABLE_OBJC_WEAK = YES;
				CLANG_WARN_BLOCK_CAPTURE_AUTORELEASING = YES;
				CLANG_WARN_BOOL_CONVERSION = YES;
				CLANG_WARN_COMMA = YES;
				CLANG_WARN_CONSTANT_CONVERSION = YES;
				CLANG_WARN_DEPRECATED_OBJC_IMPLEMENTATIONS = YES;
				CLANG_WARN_DIRECT_OBJC_ISA_USAGE = YES_ERROR;
				CLANG_WARN_DOCUMENTATION_COMMENTS = YES;
				CLANG_WARN_EMPTY_BODY = YES;
				CLANG_WARN_ENUM_CONVERSION = YES;
				CLANG_WARN_INFINITE_RECURSION = YES;
				CLANG_WARN_INT_CONVERSION = YES;
				CLANG_WARN_NON_LITERAL_NULL_CONVERSION = YES;
				CLANG_WARN_OBJC_IMPLICIT_RETAIN_SELF = YES;
				CLANG_WARN_OBJC_LITERAL_CONVERSION = YES;
				CLANG_WARN_OBJC_ROOT_CLASS = YES_ERROR;
				CLANG_WARN_RANGE_LOOP_ANALYSIS = YES;
				CLANG_WARN_STRICT_PROTOTYPES = YES;
				CLANG_WARN_SUSPICIOUS_MOVE = YES;
				CLANG_WARN_UNGUARDED_AVAILABILITY = YES_AGGRESSIVE;
				CLANG_WARN_UNREACHABLE_CODE = YES;
				CLANG_WARN__DUPLICATE_METHOD_MATCH = YES;
				COPY_PHASE_STRIP = NO;
				DEBUG_INFORMATION_FORMAT = "dwarf-with-dsym";
				ENABLE_NS_ASSERTIONS = NO;
				ENABLE_STRICT_OBJC_MSGSEND = YES;
				GCC_C_LANGUAGE_STANDARD = gnu11;
				GCC_NO_COMMON_BLOCKS = YES;
				GCC_WARN_64_TO_32_BIT_CONVERSION = YES;
				GCC_WARN_ABOUT_RETURN_TYPE = YES_ERROR;
				GCC_WARN_UNDECLARED_SELECTOR = YES;
				GCC_WARN_UNINITIALIZED_AUTOS = YES_AGGRESSIVE;
				GCC_WARN_UNUSED_FUNCTION = YES;
				GCC_WARN_UNUSED_VARIABLE = YES;
				IPHONEOS_DEPLOYMENT_TARGET = 13.1;
				MTL_ENABLE_DEBUG_INFO = NO;
				MTL_FAST_MATH = YES;
				SDKROOT = iphoneos;
				SWIFT_COMPILATION_MODE = wholemodule;
				SWIFT_OPTIMIZATION_LEVEL = "-O";
				VALIDATE_PRODUCT = YES;
			};
			name = Release;
		};
		D9083B0F235BB4210039C69D /* Debug */ = {
			isa = XCBuildConfiguration;
			buildSettings = {
				ASSETCATALOG_COMPILER_APPICON_NAME = AppIcon;
				CODE_SIGN_STYLE = Automatic;
				DEVELOPMENT_TEAM = A44VX47B87;
				INFOPLIST_FILE = marioGame/Info.plist;
				LD_RUNPATH_SEARCH_PATHS = (
					"$(inherited)",
					"@executable_path/Frameworks",
				);
				PRODUCT_BUNDLE_IDENTIFIER = "psg35-yahoo.com.marioGame";
				PRODUCT_NAME = "$(TARGET_NAME)";
				SWIFT_VERSION = 5.0;
				TARGETED_DEVICE_FAMILY = "1,2";
			};
			name = Debug;
		};
		D9083B10235BB4210039C69D /* Release */ = {
			isa = XCBuildConfiguration;
			buildSettings = {
				ASSETCATALOG_COMPILER_APPICON_NAME = AppIcon;
				CODE_SIGN_STYLE = Automatic;
				DEVELOPMENT_TEAM = A44VX47B87;
				INFOPLIST_FILE = marioGame/Info.plist;
				LD_RUNPATH_SEARCH_PATHS = (
					"$(inherited)",
					"@executable_path/Frameworks",
				);
				PRODUCT_BUNDLE_IDENTIFIER = "psg35-yahoo.com.marioGame";
				PRODUCT_NAME = "$(TARGET_NAME)";
				SWIFT_VERSION = 5.0;
				TARGETED_DEVICE_FAMILY = "1,2";
			};
			name = Release;
		};
/* End XCBuildConfiguration section */

/* Begin XCConfigurationList section */
		D9083AF1235BB4200039C69D /* Build configuration list for PBXProject "marioGame" */ = {
			isa = XCConfigurationList;
			buildConfigurations = (
				D9083B0C235BB4210039C69D /* Debug */,
				D9083B0D235BB4210039C69D /* Release */,
			);
			defaultConfigurationIsVisible = 0;
			defaultConfigurationName = Release;
		};
		D9083B0E235BB4210039C69D /* Build configuration list for PBXNativeTarget "marioGame" */ = {
			isa = XCConfigurationList;
			buildConfigurations = (
				D9083B0F235BB4210039C69D /* Debug */,
				D9083B10235BB4210039C69D /* Release */,
			);
			defaultConfigurationIsVisible = 0;
			defaultConfigurationName = Release;
		};
/* End XCConfigurationList section */
	};
	rootObject = D9083AEE235BB4200039C69D /* Project object */;
}
